// !$*UTF8*$!
{
	archiveVersion = 1;
	classes = {
	};
	objectVersion = 46;
	objects = {

/* Begin PBXBuildFile section */
		1D3623260D0F684500981E51 /* BGGAppDelegate.m in Sources */ = {isa = PBXBuildFile; fileRef = 1D3623250D0F684500981E51 /* BGGAppDelegate.m */; };
		1D60589B0D05DD56006BFB54 /* main.m in Sources */ = {isa = PBXBuildFile; fileRef = 29B97316FDCFA39411CA2CEA /* main.m */; };
		1D60589F0D05DD5A006BFB54 /* Foundation.framework in Frameworks */ = {isa = PBXBuildFile; fileRef = 1D30AB110D05D00D00671497 /* Foundation.framework */; };
		1DF5F4E00D08C38300B7A737 /* UIKit.framework in Frameworks */ = {isa = PBXBuildFile; fileRef = 1DF5F4DF0D08C38300B7A737 /* UIKit.framework */; };
		2892E4100DC94CBA00A64D0F /* CoreGraphics.framework in Frameworks */ = {isa = PBXBuildFile; fileRef = 2892E40F0DC94CBA00A64D0F /* CoreGraphics.framework */; };
		2899E5600DE3E45000AC0155 /* RootViewController.xib in Resources */ = {isa = PBXBuildFile; fileRef = 2899E55F0DE3E45000AC0155 /* RootViewController.xib */; };
		28AD73600D9D9599002E5188 /* MainWindow.xib in Resources */ = {isa = PBXBuildFile; fileRef = 28AD735F0D9D9599002E5188 /* MainWindow.xib */; };
		28C286E10D94DF7D0034E888 /* RootViewController.m in Sources */ = {isa = PBXBuildFile; fileRef = 28C286E00D94DF7D0034E888 /* RootViewController.m */; };
		2B22EC1610F4C00300FCE834 /* LoadingTableViewController.m in Sources */ = {isa = PBXBuildFile; fileRef = 2B22EC1510F4C00300FCE834 /* LoadingTableViewController.m */; };
		2B559E2C10EFA35700CCF5E4 /* BrowseTop100ViewController.m in Sources */ = {isa = PBXBuildFile; fileRef = 2B559E2B10EFA35700CCF5E4 /* BrowseTop100ViewController.m */; };
		2BF3FA241176020B00F07377 /* forums.png in Resources */ = {isa = PBXBuildFile; fileRef = 2BF3FA231176020B00F07377 /* forums.png */; };
		943543F210F1BC9E00E545D3 /* BGGForum.m in Sources */ = {isa = PBXBuildFile; fileRef = 943543E110F1BC9E00E545D3 /* BGGForum.m */; };
		943543F310F1BC9E00E545D3 /* BGGHTMLScraper.m in Sources */ = {isa = PBXBuildFile; fileRef = 943543E310F1BC9E00E545D3 /* BGGHTMLScraper.m */; };
		943543F410F1BC9E00E545D3 /* BGGMessage.m in Sources */ = {isa = PBXBuildFile; fileRef = 943543E510F1BC9E00E545D3 /* BGGMessage.m */; };
		943543F510F1BC9E00E545D3 /* BGGThread.m in Sources */ = {isa = PBXBuildFile; fileRef = 943543E710F1BC9E00E545D3 /* BGGThread.m */; };
		943543F610F1BC9E00E545D3 /* GameComment.m in Sources */ = {isa = PBXBuildFile; fileRef = 943543E910F1BC9E00E545D3 /* GameComment.m */; };
		943543F710F1BC9E00E545D3 /* GameForumsViewController.m in Sources */ = {isa = PBXBuildFile; fileRef = 943543EB10F1BC9E00E545D3 /* GameForumsViewController.m */; };
		943543F810F1BC9E00E545D3 /* GameViewTabController.m in Sources */ = {isa = PBXBuildFile; fileRef = 943543ED10F1BC9E00E545D3 /* GameViewTabController.m */; };
		943543F910F1BC9E00E545D3 /* LoadingViewController.m in Sources */ = {isa = PBXBuildFile; fileRef = 943543EF10F1BC9E00E545D3 /* LoadingViewController.m */; };
		943543FA10F1BC9E00E545D3 /* MessageThreadViewController.m in Sources */ = {isa = PBXBuildFile; fileRef = 943543F110F1BC9E00E545D3 /* MessageThreadViewController.m */; };
		943543FC10F1BCAE00E545D3 /* thread_messages_template.html in Resources */ = {isa = PBXBuildFile; fileRef = 943543FB10F1BCAE00E545D3 /* thread_messages_template.html */; };
		9435440810F1BCF600E545D3 /* ForumThreadsViewController.m in Sources */ = {isa = PBXBuildFile; fileRef = 9435440710F1BCF600E545D3 /* ForumThreadsViewController.m */; };
		94A96F761104ED4200112CAE /* loading.jpg in Resources */ = {isa = PBXBuildFile; fileRef = 94A96F751104ED4200112CAE /* loading.jpg */; };
		94CD5631110259120081FEDF /* Top100ImageDownloadOperation.m in Sources */ = {isa = PBXBuildFile; fileRef = 94CD5630110259120081FEDF /* Top100ImageDownloadOperation.m */; };
		BA03E7C90EA858760069F8D6 /* Search.xib in Resources */ = {isa = PBXBuildFile; fileRef = BA03E7C80EA858760069F8D6 /* Search.xib */; };
		BA03E7CD0EA858B20069F8D6 /* SearchUIViewController.m in Sources */ = {isa = PBXBuildFile; fileRef = BA03E7CC0EA858B20069F8D6 /* SearchUIViewController.m */; };
		BA03E7DE0EA85A310069F8D6 /* Settings.xib in Resources */ = {isa = PBXBuildFile; fileRef = BA03E7DD0EA85A310069F8D6 /* Settings.xib */; };
		BA03E7E20EA85AC60069F8D6 /* SettingsUIViewController.m in Sources */ = {isa = PBXBuildFile; fileRef = BA03E7E10EA85AC60069F8D6 /* SettingsUIViewController.m */; };
		BA03E8350EA85D980069F8D6 /* PlistSettings.m in Sources */ = {isa = PBXBuildFile; fileRef = BA03E8340EA85D980069F8D6 /* PlistSettings.m */; };
		BA03E8500EA8619B0069F8D6 /* settings.plist in Resources */ = {isa = PBXBuildFile; fileRef = BA03E84F0EA8619B0069F8D6 /* settings.plist */; };
		BA0CF3510EF22B5B000AE1EF /* bgg13.db in Resources */ = {isa = PBXBuildFile; fileRef = BA0CF3500EF22B5B000AE1EF /* bgg13.db */; };
		BA1C98FB0F2BA4C800E65F69 /* GameCollectionSettings.xib in Resources */ = {isa = PBXBuildFile; fileRef = BA1C98FA0F2BA4C800E65F69 /* GameCollectionSettings.xib */; };
		BA256A240F60FB5B00C37A64 /* HtmlTemplate.m in Sources */ = {isa = PBXBuildFile; fileRef = BA256A230F60FB5B00C37A64 /* HtmlTemplate.m */; };
		BA256A410F61059000C37A64 /* game_template.html in Resources */ = {isa = PBXBuildFile; fileRef = BA256A400F61059000C37A64 /* game_template.html */; };
		BA3C7D240EC75BF000F24BF4 /* header.png in Resources */ = {isa = PBXBuildFile; fileRef = BA3C7D230EC75BF000F24BF4 /* header.png */; };
		BA3C7D300EC75F4200F24BF4 /* footer.png in Resources */ = {isa = PBXBuildFile; fileRef = BA3C7D2F0EC75F4200F24BF4 /* footer.png */; };
		BA3C7D8F0EC76A0B00F24BF4 /* GameCommentsXmlParser.m in Sources */ = {isa = PBXBuildFile; fileRef = BA3C7D8E0EC76A0B00F24BF4 /* GameCommentsXmlParser.m */; };
		BA3DE4DC0FE0B13C005402D8 /* CollectionItemData.m in Sources */ = {isa = PBXBuildFile; fileRef = BA3DE4DB0FE0B13C005402D8 /* CollectionItemData.m */; };
		BA476C8A0EB53B350035E2E4 /* GameInfoViewController.m in Sources */ = {isa = PBXBuildFile; fileRef = BA476C890EB53B350035E2E4 /* GameInfoViewController.m */; };
		BA476C8D0EB53B400035E2E4 /* GameActionsViewController.m in Sources */ = {isa = PBXBuildFile; fileRef = BA476C8C0EB53B400035E2E4 /* GameActionsViewController.m */; };
		BA476D610EB587030035E2E4 /* FullGameInfo.m in Sources */ = {isa = PBXBuildFile; fileRef = BA476D600EB587030035E2E4 /* FullGameInfo.m */; };
		BA476E5E0EB599ED0035E2E4 /* XmlGameInfoReader.m in Sources */ = {isa = PBXBuildFile; fileRef = BA476E5D0EB599ED0035E2E4 /* XmlGameInfoReader.m */; };
		BA48C4A80EB3CC36005B4297 /* BBGSearchResult.m in Sources */ = {isa = PBXBuildFile; fileRef = BA48C4A50EB3CC36005B4297 /* BBGSearchResult.m */; };
		BA48C4A90EB3CC36005B4297 /* XmlSearchReader.m in Sources */ = {isa = PBXBuildFile; fileRef = BA48C4A70EB3CC36005B4297 /* XmlSearchReader.m */; };
		BA48C4AC0EB3CC99005B4297 /* BoardGameSearchResultsTableViewController.m in Sources */ = {isa = PBXBuildFile; fileRef = BA48C4AB0EB3CC99005B4297 /* BoardGameSearchResultsTableViewController.m */; };
		BA48C62F0EB5086F005B4297 /* FetchURLData.m in Sources */ = {isa = PBXBuildFile; fileRef = BA48C62E0EB5086F005B4297 /* FetchURLData.m */; };
		BA48C6D90EB51639005B4297 /* LoadingCell.xib in Resources */ = {isa = PBXBuildFile; fileRef = BA48C6D80EB51639005B4297 /* LoadingCell.xib */; };
		BA48C7360EB51BAF005B4297 /* AboutViewController.m in Sources */ = {isa = PBXBuildFile; fileRef = BA48C7350EB51BAF005B4297 /* AboutViewController.m */; };
		BA48C7560EB51BED005B4297 /* About.xib in Resources */ = {isa = PBXBuildFile; fileRef = BA48C7550EB51BED005B4297 /* About.xib */; };
		BA48C7580EB51C08005B4297 /* about.html in Resources */ = {isa = PBXBuildFile; fileRef = BA48C7570EB51C08005B4297 /* about.html */; };
		BA48C7700EB51D03005B4297 /* libsqlite3.0.dylib in Frameworks */ = {isa = PBXBuildFile; fileRef = BA48C76F0EB51D03005B4297 /* libsqlite3.0.dylib */; };
		BA48C7720EB51D0E005B4297 /* SystemConfiguration.framework in Frameworks */ = {isa = PBXBuildFile; fileRef = BA48C7710EB51D0E005B4297 /* SystemConfiguration.framework */; };
		BA48C7760EB51D17005B4297 /* CoreLocation.framework in Frameworks */ = {isa = PBXBuildFile; fileRef = BA48C7750EB51D17005B4297 /* CoreLocation.framework */; };
		BA48C82C0EB52932005B4297 /* GameInfo.xib in Resources */ = {isa = PBXBuildFile; fileRef = BA48C82B0EB52932005B4297 /* GameInfo.xib */; };
		BA48C82F0EB52978005B4297 /* GameActions.xib in Resources */ = {isa = PBXBuildFile; fileRef = BA48C82E0EB52978005B4297 /* GameActions.xib */; };
		BA4B53330FE3642F003E4FFA /* bgg14.db in Resources */ = {isa = PBXBuildFile; fileRef = BA4B53320FE3642F003E4FFA /* bgg14.db */; };
		BA4DE14F0EB8119100B18E17 /* Entitlements.plist in Resources */ = {isa = PBXBuildFile; fileRef = BA4DE14E0EB8119100B18E17 /* Entitlements.plist */; };
		BA8D20DA0F7D77D100578409 /* commentgrad.jpg in Resources */ = {isa = PBXBuildFile; fileRef = BA8D20D80F7D77D100578409 /* commentgrad.jpg */; };
		BA8D20DB0F7D77D100578409 /* topgrad.jpg in Resources */ = {isa = PBXBuildFile; fileRef = BA8D20D90F7D77D100578409 /* topgrad.jpg */; };
		BA8D21630F7D8BE800578409 /* stats_template.html in Resources */ = {isa = PBXBuildFile; fileRef = BA8D21620F7D8BE800578409 /* stats_template.html */; };
		BA8D217C0F7D8F0D00578409 /* comment_template.html in Resources */ = {isa = PBXBuildFile; fileRef = BA8D217B0F7D8F0D00578409 /* comment_template.html */; };
		BAA7D0190FDAF430002D5FCD /* CollectionItemEdit.xib in Resources */ = {isa = PBXBuildFile; fileRef = BAA7D0180FDAF430002D5FCD /* CollectionItemEdit.xib */; };
		BAA7D01F0FDAF964002D5FCD /* CollectionItemEditViewController.m in Sources */ = {isa = PBXBuildFile; fileRef = BAA7D01E0FDAF964002D5FCD /* CollectionItemEditViewController.m */; };
		BAA7D0B70FDB1C65002D5FCD /* WebView.xib in Resources */ = {isa = PBXBuildFile; fileRef = BAA7D0B60FDB1C65002D5FCD /* WebView.xib */; };
		BAA7D0BB0FDB1CAB002D5FCD /* WebViewController.m in Sources */ = {isa = PBXBuildFile; fileRef = BAA7D0BA0FDB1CAB002D5FCD /* WebViewController.m */; };
		BAB288160EB6DEBF00A6AEE3 /* stats.png in Resources */ = {isa = PBXBuildFile; fileRef = BAB288130EB6DEBF00A6AEE3 /* stats.png */; };
		BAB288170EB6DEBF00A6AEE3 /* info.png in Resources */ = {isa = PBXBuildFile; fileRef = BAB288140EB6DEBF00A6AEE3 /* info.png */; };
		BAB288180EB6DEBF00A6AEE3 /* actions.png in Resources */ = {isa = PBXBuildFile; fileRef = BAB288150EB6DEBF00A6AEE3 /* actions.png */; };
		BAB2885C0EB6E12300A6AEE3 /* icon.png in Resources */ = {isa = PBXBuildFile; fileRef = BAB2885B0EB6E12300A6AEE3 /* icon.png */; };
		BABC9B7B0F24FD8300926B50 /* star_white.gif in Resources */ = {isa = PBXBuildFile; fileRef = BABC9B780F24FD8300926B50 /* star_white.gif */; };
		BABC9B7C0F24FD8300926B50 /* star_yellow.gif in Resources */ = {isa = PBXBuildFile; fileRef = BABC9B790F24FD8300926B50 /* star_yellow.gif */; };
		BABC9B7D0F24FD8300926B50 /* star_yellowhalf.gif in Resources */ = {isa = PBXBuildFile; fileRef = BABC9B7A0F24FD8300926B50 /* star_yellowhalf.gif */; };
		BABC9B890F2505D500926B50 /* BGGConnect.m in Sources */ = {isa = PBXBuildFile; fileRef = BABC9B880F2505D500926B50 /* BGGConnect.m */; };
		BABC9B970F250C8F00926B50 /* PostWorker.m in Sources */ = {isa = PBXBuildFile; fileRef = BABC9B960F250C8F00926B50 /* PostWorker.m */; };
		BAC586F50EF4882C00BF2280 /* about.png in Resources */ = {isa = PBXBuildFile; fileRef = BAC586EF0EF4882C00BF2280 /* about.png */; };
		BAC586F60EF4882C00BF2280 /* own.png in Resources */ = {isa = PBXBuildFile; fileRef = BAC586F00EF4882C00BF2280 /* own.png */; };
		BAC586F70EF4882C00BF2280 /* search.png in Resources */ = {isa = PBXBuildFile; fileRef = BAC586F10EF4882C00BF2280 /* search.png */; };
		BAC586F80EF4882C00BF2280 /* search_own.png in Resources */ = {isa = PBXBuildFile; fileRef = BAC586F20EF4882C00BF2280 /* search_own.png */; };
		BAC586F90EF4882C00BF2280 /* settings.png in Resources */ = {isa = PBXBuildFile; fileRef = BAC586F30EF4882C00BF2280 /* settings.png */; };
		BAC586FA0EF4882C00BF2280 /* wish.png in Resources */ = {isa = PBXBuildFile; fileRef = BAC586F40EF4882C00BF2280 /* wish.png */; };
		BAD111590EBD07C100C4F518 /* DbAccess.m in Sources */ = {isa = PBXBuildFile; fileRef = BAD111580EBD07C100C4F518 /* DbAccess.m */; };
		BAD111B00EBD0B9900C4F518 /* FMDatabase.m in Sources */ = {isa = PBXBuildFile; fileRef = BAD111AB0EBD0B9900C4F518 /* FMDatabase.m */; };
		BAD111B10EBD0B9900C4F518 /* FMDatabaseAdditions.m in Sources */ = {isa = PBXBuildFile; fileRef = BAD111AD0EBD0B9900C4F518 /* FMDatabaseAdditions.m */; };
		BAD111B20EBD0B9900C4F518 /* FMResultSet.m in Sources */ = {isa = PBXBuildFile; fileRef = BAD111AF0EBD0B9900C4F518 /* FMResultSet.m */; };
		BAD111C50EBD0E4800C4F518 /* bgg.db in Resources */ = {isa = PBXBuildFile; fileRef = BAD111C40EBD0E4800C4F518 /* bgg.db */; };
		BADA03E50ED5360500748D14 /* bgg12.db in Resources */ = {isa = PBXBuildFile; fileRef = BADA03E40ED5360500748D14 /* bgg12.db */; };
		BADB59FD0EB8259800742CA6 /* DownloadGameInfoOperation.m in Sources */ = {isa = PBXBuildFile; fileRef = BADB59FC0EB8259800742CA6 /* DownloadGameInfoOperation.m */; };
		BADB5A900EBAB9B800742CA6 /* RecordPlay.xib in Resources */ = {isa = PBXBuildFile; fileRef = BADB5A8F0EBAB9B800742CA6 /* RecordPlay.xib */; };
		BADB5A940EBABB3C00742CA6 /* minus.png in Resources */ = {isa = PBXBuildFile; fileRef = BADB5A920EBABB3C00742CA6 /* minus.png */; };
		BADB5A950EBABB3C00742CA6 /* plus.png in Resources */ = {isa = PBXBuildFile; fileRef = BADB5A930EBABB3C00742CA6 /* plus.png */; };
		BADB5A990EBABC0A00742CA6 /* whiteButton.png in Resources */ = {isa = PBXBuildFile; fileRef = BADB5A980EBABC0A00742CA6 /* whiteButton.png */; };
		BADB5AB70EBABD8E00742CA6 /* LogPlayUIViewController.m in Sources */ = {isa = PBXBuildFile; fileRef = BADB5AB60EBABD8E00742CA6 /* LogPlayUIViewController.m */; };
		BADB5AC20EBAC03900742CA6 /* blueButton.png in Resources */ = {isa = PBXBuildFile; fileRef = BADB5AC10EBAC03900742CA6 /* blueButton.png */; };
		BAEC7B310EC7780600151693 /* CommentsUIViewController.m in Sources */ = {isa = PBXBuildFile; fileRef = BAEC7B300EC7780600151693 /* CommentsUIViewController.m */; };
		BAEC7B450EC77DBE00151693 /* GameComments.xib in Resources */ = {isa = PBXBuildFile; fileRef = BAEC7B440EC77DBE00151693 /* GameComments.xib */; };
		BAEC7BE90EC7838F00151693 /* comments.png in Resources */ = {isa = PBXBuildFile; fileRef = BAEC7BE80EC7838F00151693 /* comments.png */; };
		BAEC7C190EC798BD00151693 /* GamePicker.xib in Resources */ = {isa = PBXBuildFile; fileRef = BAEC7C180EC798BD00151693 /* GamePicker.xib */; };
		BAEC7C1D0EC798F300151693 /* GamePickerUIViewController.m in Sources */ = {isa = PBXBuildFile; fileRef = BAEC7C1C0EC798F300151693 /* GamePickerUIViewController.m */; };
		BAEC7D050EC7ADD100151693 /* bgg11.db in Resources */ = {isa = PBXBuildFile; fileRef = BAEC7D040EC7ADD100151693 /* bgg11.db */; };
		BAEC7D9B0EC7F02200151693 /* CollectionDownloadUIView.m in Sources */ = {isa = PBXBuildFile; fileRef = BAEC7D9A0EC7F02200151693 /* CollectionDownloadUIView.m */; };
		BAEC7D9D0EC7F04600151693 /* CollectionDownload.xib in Resources */ = {isa = PBXBuildFile; fileRef = BAEC7D9C0EC7F04600151693 /* CollectionDownload.xib */; };
		E52E318816E45BA70005123D /* Default-Landscape.png in Resources */ = {isa = PBXBuildFile; fileRef = E52E318316E45BA70005123D /* Default-Landscape.png */; };
		E52E318916E45BA70005123D /* Default-Landscape@2x.png in Resources */ = {isa = PBXBuildFile; fileRef = E52E318416E45BA70005123D /* Default-Landscape@2x.png */; };
		E52E318A16E45BA70005123D /* Default-Portrait.png in Resources */ = {isa = PBXBuildFile; fileRef = E52E318516E45BA70005123D /* Default-Portrait.png */; };
		E52E318B16E45BA70005123D /* Default-Portrait@2x.png in Resources */ = {isa = PBXBuildFile; fileRef = E52E318616E45BA70005123D /* Default-Portrait@2x.png */; };
		E52E318C16E45BA70005123D /* MainStoryboard_iPhone.storyboard in Resources */ = {isa = PBXBuildFile; fileRef = E52E318716E45BA70005123D /* MainStoryboard_iPhone.storyboard */; };
		E5381E3D16DAA4FC00B7208B /* GMSDetailViewController.m in Sources */ = {isa = PBXBuildFile; fileRef = E5381E3B16DAA4FC00B7208B /* GMSDetailViewController.m */; };
		E5381E3E16DAA4FC00B7208B /* MainStoryboard_iPad.storyboard in Resources */ = {isa = PBXBuildFile; fileRef = E5381E3C16DAA4FC00B7208B /* MainStoryboard_iPad.storyboard */; };
		E543094816F45D94009BA4D3 /* BGGUISplitViewController.m in Sources */ = {isa = PBXBuildFile; fileRef = E543094716F45D94009BA4D3 /* BGGUISplitViewController.m */; };
		E5AC4FCA16D8827B00CF5ABE /* Default-568h@2x.png in Resources */ = {isa = PBXBuildFile; fileRef = E5AC4FC916D8827B00CF5ABE /* Default-568h@2x.png */; };
		E5AC4FCC16D8902200CF5ABE /* ForumReply.xib in Resources */ = {isa = PBXBuildFile; fileRef = E5AC4FCB16D8902200CF5ABE /* ForumReply.xib */; };
		E5AC4FD016D8910E00CF5ABE /* ForumReplyViewController.m in Sources */ = {isa = PBXBuildFile; fileRef = E5AC4FCF16D8910E00CF5ABE /* ForumReplyViewController.m */; };
		E5D700B216E2ADDE0044F649 /* GameInfoItem.m in Sources */ = {isa = PBXBuildFile; fileRef = E5D700B116E2ADDE0044F649 /* GameInfoItem.m */; };
		E5D700BB16E3CAAA0044F649 /* GameViewUITabBarViewController.m in Sources */ = {isa = PBXBuildFile; fileRef = E5D700BA16E3CAAA0044F649 /* GameViewUITabBarViewController.m */; };
		E5D700BD16E445EB0044F649 /* icon-ret.png in Resources */ = {isa = PBXBuildFile; fileRef = E5D700BC16E445EA0044F649 /* icon-ret.png */; };
		E5D700BF16E446930044F649 /* icon57.png in Resources */ = {isa = PBXBuildFile; fileRef = E5D700BE16E446920044F649 /* icon57.png */; };
		E5D700C116E4469A0044F649 /* icon114.png in Resources */ = {isa = PBXBuildFile; fileRef = E5D700C016E446990044F649 /* icon114.png */; };
		E5D700C316E446FD0044F649 /* Default.png in Resources */ = {isa = PBXBuildFile; fileRef = E5D700C216E446FD0044F649 /* Default.png */; };
		E5D700C516E44A470044F649 /* Default@2x.png in Resources */ = {isa = PBXBuildFile; fileRef = E5D700C416E44A470044F649 /* Default@2x.png */; };
		E5D700C716E44C880044F649 /* Default-Portrait~ipad.png in Resources */ = {isa = PBXBuildFile; fileRef = E5D700C616E44C880044F649 /* Default-Portrait~ipad.png */; };
		E5D700C916E44C910044F649 /* Default-Portrait@2x~ipad.png in Resources */ = {isa = PBXBuildFile; fileRef = E5D700C816E44C900044F649 /* Default-Portrait@2x~ipad.png */; };
		E5D700CB16E44C990044F649 /* Default-Landscape~ipad.png in Resources */ = {isa = PBXBuildFile; fileRef = E5D700CA16E44C990044F649 /* Default-Landscape~ipad.png */; };
		E5D700CD16E44CA20044F649 /* Default-Landscape@2x~ipad.png in Resources */ = {isa = PBXBuildFile; fileRef = E5D700CC16E44CA10044F649 /* Default-Landscape@2x~ipad.png */; };
/* End PBXBuildFile section */

/* Begin PBXFileReference section */
		1D30AB110D05D00D00671497 /* Foundation.framework */ = {isa = PBXFileReference; lastKnownFileType = wrapper.framework; name = Foundation.framework; path = System/Library/Frameworks/Foundation.framework; sourceTree = SDKROOT; };
		1D3623240D0F684500981E51 /* BGGAppDelegate.h */ = {isa = PBXFileReference; fileEncoding = 4; lastKnownFileType = sourcecode.c.h; path = BGGAppDelegate.h; sourceTree = "<group>"; };
		1D3623250D0F684500981E51 /* BGGAppDelegate.m */ = {isa = PBXFileReference; fileEncoding = 4; lastKnownFileType = sourcecode.c.objc; path = BGGAppDelegate.m; sourceTree = "<group>"; };
		1D6058910D05DD3D006BFB54 /* BGG.app */ = {isa = PBXFileReference; explicitFileType = wrapper.application; includeInIndex = 0; path = BGG.app; sourceTree = BUILT_PRODUCTS_DIR; };
		1DF5F4DF0D08C38300B7A737 /* UIKit.framework */ = {isa = PBXFileReference; lastKnownFileType = wrapper.framework; name = UIKit.framework; path = System/Library/Frameworks/UIKit.framework; sourceTree = SDKROOT; };
		2892E40F0DC94CBA00A64D0F /* CoreGraphics.framework */ = {isa = PBXFileReference; lastKnownFileType = wrapper.framework; name = CoreGraphics.framework; path = System/Library/Frameworks/CoreGraphics.framework; sourceTree = SDKROOT; };
		2899E55F0DE3E45000AC0155 /* RootViewController.xib */ = {isa = PBXFileReference; lastKnownFileType = file.xib; path = RootViewController.xib; sourceTree = "<group>"; };
		28A0AAE50D9B0CCF005BE974 /* BGG_Prefix.pch */ = {isa = PBXFileReference; fileEncoding = 4; lastKnownFileType = sourcecode.c.h; path = BGG_Prefix.pch; sourceTree = "<group>"; };
		28AD735F0D9D9599002E5188 /* MainWindow.xib */ = {isa = PBXFileReference; lastKnownFileType = file.xib; path = MainWindow.xib; sourceTree = "<group>"; };
		28C286DF0D94DF7D0034E888 /* RootViewController.h */ = {isa = PBXFileReference; fileEncoding = 4; lastKnownFileType = sourcecode.c.h; path = RootViewController.h; sourceTree = "<group>"; };
		28C286E00D94DF7D0034E888 /* RootViewController.m */ = {isa = PBXFileReference; fileEncoding = 4; lastKnownFileType = sourcecode.c.objc; path = RootViewController.m; sourceTree = "<group>"; };
		29B97316FDCFA39411CA2CEA /* main.m */ = {isa = PBXFileReference; fileEncoding = 4; lastKnownFileType = sourcecode.c.objc; path = main.m; sourceTree = "<group>"; };
		2B22EC1410F4C00300FCE834 /* LoadingTableViewController.h */ = {isa = PBXFileReference; fileEncoding = 4; lastKnownFileType = sourcecode.c.h; path = LoadingTableViewController.h; sourceTree = "<group>"; };
		2B22EC1510F4C00300FCE834 /* LoadingTableViewController.m */ = {isa = PBXFileReference; fileEncoding = 4; lastKnownFileType = sourcecode.c.objc; path = LoadingTableViewController.m; sourceTree = "<group>"; };
		2B559E2A10EFA35700CCF5E4 /* BrowseTop100ViewController.h */ = {isa = PBXFileReference; fileEncoding = 4; lastKnownFileType = sourcecode.c.h; path = BrowseTop100ViewController.h; sourceTree = "<group>"; };
		2B559E2B10EFA35700CCF5E4 /* BrowseTop100ViewController.m */ = {isa = PBXFileReference; fileEncoding = 4; lastKnownFileType = sourcecode.c.objc; path = BrowseTop100ViewController.m; sourceTree = "<group>"; };
		2BF3FA231176020B00F07377 /* forums.png */ = {isa = PBXFileReference; lastKnownFileType = image.png; name = forums.png; path = images/forums.png; sourceTree = "<group>"; };
		8D1107310486CEB800E47090 /* Info.plist */ = {isa = PBXFileReference; fileEncoding = 4; lastKnownFileType = text.plist.xml; path = Info.plist; sourceTree = "<group>"; };
		943543E010F1BC9E00E545D3 /* BGGForum.h */ = {isa = PBXFileReference; fileEncoding = 4; lastKnownFileType = sourcecode.c.h; path = BGGForum.h; sourceTree = "<group>"; };
		943543E110F1BC9E00E545D3 /* BGGForum.m */ = {isa = PBXFileReference; fileEncoding = 4; lastKnownFileType = sourcecode.c.objc; path = BGGForum.m; sourceTree = "<group>"; };
		943543E210F1BC9E00E545D3 /* BGGHTMLScraper.h */ = {isa = PBXFileReference; fileEncoding = 4; lastKnownFileType = sourcecode.c.h; path = BGGHTMLScraper.h; sourceTree = "<group>"; };
		943543E310F1BC9E00E545D3 /* BGGHTMLScraper.m */ = {isa = PBXFileReference; fileEncoding = 4; lastKnownFileType = sourcecode.c.objc; path = BGGHTMLScraper.m; sourceTree = "<group>"; };
		943543E410F1BC9E00E545D3 /* BGGMessage.h */ = {isa = PBXFileReference; fileEncoding = 4; lastKnownFileType = sourcecode.c.h; path = BGGMessage.h; sourceTree = "<group>"; };
		943543E510F1BC9E00E545D3 /* BGGMessage.m */ = {isa = PBXFileReference; fileEncoding = 4; lastKnownFileType = sourcecode.c.objc; path = BGGMessage.m; sourceTree = "<group>"; };
		943543E610F1BC9E00E545D3 /* BGGThread.h */ = {isa = PBXFileReference; fileEncoding = 4; lastKnownFileType = sourcecode.c.h; path = BGGThread.h; sourceTree = "<group>"; };
		943543E710F1BC9E00E545D3 /* BGGThread.m */ = {isa = PBXFileReference; fileEncoding = 4; lastKnownFileType = sourcecode.c.objc; path = BGGThread.m; sourceTree = "<group>"; };
		943543E810F1BC9E00E545D3 /* GameComment.h */ = {isa = PBXFileReference; fileEncoding = 4; lastKnownFileType = sourcecode.c.h; path = GameComment.h; sourceTree = "<group>"; };
		943543E910F1BC9E00E545D3 /* GameComment.m */ = {isa = PBXFileReference; fileEncoding = 4; lastKnownFileType = sourcecode.c.objc; path = GameComment.m; sourceTree = "<group>"; };
		943543EA10F1BC9E00E545D3 /* GameForumsViewController.h */ = {isa = PBXFileReference; fileEncoding = 4; lastKnownFileType = sourcecode.c.h; path = GameForumsViewController.h; sourceTree = "<group>"; };
		943543EB10F1BC9E00E545D3 /* GameForumsViewController.m */ = {isa = PBXFileReference; fileEncoding = 4; lastKnownFileType = sourcecode.c.objc; path = GameForumsViewController.m; sourceTree = "<group>"; };
		943543EC10F1BC9E00E545D3 /* GameViewTabController.h */ = {isa = PBXFileReference; fileEncoding = 4; lastKnownFileType = sourcecode.c.h; path = GameViewTabController.h; sourceTree = "<group>"; };
		943543ED10F1BC9E00E545D3 /* GameViewTabController.m */ = {isa = PBXFileReference; fileEncoding = 4; lastKnownFileType = sourcecode.c.objc; path = GameViewTabController.m; sourceTree = "<group>"; };
		943543EE10F1BC9E00E545D3 /* LoadingViewController.h */ = {isa = PBXFileReference; fileEncoding = 4; lastKnownFileType = sourcecode.c.h; path = LoadingViewController.h; sourceTree = "<group>"; };
		943543EF10F1BC9E00E545D3 /* LoadingViewController.m */ = {isa = PBXFileReference; fileEncoding = 4; lastKnownFileType = sourcecode.c.objc; path = LoadingViewController.m; sourceTree = "<group>"; };
		943543F010F1BC9E00E545D3 /* MessageThreadViewController.h */ = {isa = PBXFileReference; fileEncoding = 4; lastKnownFileType = sourcecode.c.h; path = MessageThreadViewController.h; sourceTree = "<group>"; };
		943543F110F1BC9E00E545D3 /* MessageThreadViewController.m */ = {isa = PBXFileReference; fileEncoding = 4; lastKnownFileType = sourcecode.c.objc; path = MessageThreadViewController.m; sourceTree = "<group>"; };
		943543FB10F1BCAE00E545D3 /* thread_messages_template.html */ = {isa = PBXFileReference; fileEncoding = 4; lastKnownFileType = text.html; path = thread_messages_template.html; sourceTree = "<group>"; };
		9435440610F1BCF600E545D3 /* ForumThreadsViewController.h */ = {isa = PBXFileReference; fileEncoding = 4; lastKnownFileType = sourcecode.c.h; path = ForumThreadsViewController.h; sourceTree = "<group>"; };
		9435440710F1BCF600E545D3 /* ForumThreadsViewController.m */ = {isa = PBXFileReference; fileEncoding = 4; lastKnownFileType = sourcecode.c.objc; path = ForumThreadsViewController.m; sourceTree = "<group>"; };
		94A96F751104ED4200112CAE /* loading.jpg */ = {isa = PBXFileReference; lastKnownFileType = image.jpeg; name = loading.jpg; path = images/loading.jpg; sourceTree = "<group>"; };
		94CD562F110259120081FEDF /* Top100ImageDownloadOperation.h */ = {isa = PBXFileReference; fileEncoding = 4; lastKnownFileType = sourcecode.c.h; path = Top100ImageDownloadOperation.h; sourceTree = "<group>"; };
		94CD5630110259120081FEDF /* Top100ImageDownloadOperation.m */ = {isa = PBXFileReference; fileEncoding = 4; lastKnownFileType = sourcecode.c.objc; path = Top100ImageDownloadOperation.m; sourceTree = "<group>"; };
		BA03E7C80EA858760069F8D6 /* Search.xib */ = {isa = PBXFileReference; lastKnownFileType = file.xib; path = Search.xib; sourceTree = "<group>"; };
		BA03E7CB0EA858B20069F8D6 /* SearchUIViewController.h */ = {isa = PBXFileReference; fileEncoding = 4; lastKnownFileType = sourcecode.c.h; path = SearchUIViewController.h; sourceTree = "<group>"; };
		BA03E7CC0EA858B20069F8D6 /* SearchUIViewController.m */ = {isa = PBXFileReference; fileEncoding = 4; lastKnownFileType = sourcecode.c.objc; path = SearchUIViewController.m; sourceTree = "<group>"; };
		BA03E7DD0EA85A310069F8D6 /* Settings.xib */ = {isa = PBXFileReference; lastKnownFileType = file.xib; path = Settings.xib; sourceTree = "<group>"; };
		BA03E7E00EA85AC60069F8D6 /* SettingsUIViewController.h */ = {isa = PBXFileReference; fileEncoding = 4; lastKnownFileType = sourcecode.c.h; path = SettingsUIViewController.h; sourceTree = "<group>"; };
		BA03E7E10EA85AC60069F8D6 /* SettingsUIViewController.m */ = {isa = PBXFileReference; fileEncoding = 4; lastKnownFileType = sourcecode.c.objc; path = SettingsUIViewController.m; sourceTree = "<group>"; };
		BA03E8330EA85D980069F8D6 /* PlistSettings.h */ = {isa = PBXFileReference; fileEncoding = 4; lastKnownFileType = sourcecode.c.h; path = PlistSettings.h; sourceTree = "<group>"; };
		BA03E8340EA85D980069F8D6 /* PlistSettings.m */ = {isa = PBXFileReference; fileEncoding = 4; lastKnownFileType = sourcecode.c.objc; path = PlistSettings.m; sourceTree = "<group>"; };
		BA03E84F0EA8619B0069F8D6 /* settings.plist */ = {isa = PBXFileReference; fileEncoding = 4; lastKnownFileType = text.plist.xml; path = settings.plist; sourceTree = "<group>"; };
		BA0CF3500EF22B5B000AE1EF /* bgg13.db */ = {isa = PBXFileReference; lastKnownFileType = file; name = bgg13.db; path = sql/bgg13.db; sourceTree = "<group>"; };
		BA1C98FA0F2BA4C800E65F69 /* GameCollectionSettings.xib */ = {isa = PBXFileReference; lastKnownFileType = file.xib; path = GameCollectionSettings.xib; sourceTree = "<group>"; };
		BA256A220F60FB5B00C37A64 /* HtmlTemplate.h */ = {isa = PBXFileReference; fileEncoding = 4; lastKnownFileType = sourcecode.c.h; path = HtmlTemplate.h; sourceTree = "<group>"; };
		BA256A230F60FB5B00C37A64 /* HtmlTemplate.m */ = {isa = PBXFileReference; fileEncoding = 4; lastKnownFileType = sourcecode.c.objc; path = HtmlTemplate.m; sourceTree = "<group>"; };
		BA256A400F61059000C37A64 /* game_template.html */ = {isa = PBXFileReference; fileEncoding = 4; lastKnownFileType = text.html; path = game_template.html; sourceTree = "<group>"; };
		BA3C7D230EC75BF000F24BF4 /* header.png */ = {isa = PBXFileReference; lastKnownFileType = image.png; name = header.png; path = images/header.png; sourceTree = "<group>"; };
		BA3C7D2F0EC75F4200F24BF4 /* footer.png */ = {isa = PBXFileReference; lastKnownFileType = image.png; name = footer.png; path = images/footer.png; sourceTree = "<group>"; };
		BA3C7D8D0EC76A0B00F24BF4 /* GameCommentsXmlParser.h */ = {isa = PBXFileReference; fileEncoding = 4; lastKnownFileType = sourcecode.c.h; path = GameCommentsXmlParser.h; sourceTree = "<group>"; };
		BA3C7D8E0EC76A0B00F24BF4 /* GameCommentsXmlParser.m */ = {isa = PBXFileReference; fileEncoding = 4; lastKnownFileType = sourcecode.c.objc; path = GameCommentsXmlParser.m; sourceTree = "<group>"; };
		BA3DE4DA0FE0B13C005402D8 /* CollectionItemData.h */ = {isa = PBXFileReference; fileEncoding = 4; lastKnownFileType = sourcecode.c.h; path = CollectionItemData.h; sourceTree = "<group>"; };
		BA3DE4DB0FE0B13C005402D8 /* CollectionItemData.m */ = {isa = PBXFileReference; fileEncoding = 4; lastKnownFileType = sourcecode.c.objc; path = CollectionItemData.m; sourceTree = "<group>"; };
		BA476C880EB53B350035E2E4 /* GameInfoViewController.h */ = {isa = PBXFileReference; fileEncoding = 4; lastKnownFileType = sourcecode.c.h; path = GameInfoViewController.h; sourceTree = "<group>"; };
		BA476C890EB53B350035E2E4 /* GameInfoViewController.m */ = {isa = PBXFileReference; fileEncoding = 4; lastKnownFileType = sourcecode.c.objc; path = GameInfoViewController.m; sourceTree = "<group>"; };
		BA476C8B0EB53B400035E2E4 /* GameActionsViewController.h */ = {isa = PBXFileReference; fileEncoding = 4; lastKnownFileType = sourcecode.c.h; path = GameActionsViewController.h; sourceTree = "<group>"; };
		BA476C8C0EB53B400035E2E4 /* GameActionsViewController.m */ = {isa = PBXFileReference; fileEncoding = 4; lastKnownFileType = sourcecode.c.objc; path = GameActionsViewController.m; sourceTree = "<group>"; };
		BA476D5F0EB587030035E2E4 /* FullGameInfo.h */ = {isa = PBXFileReference; fileEncoding = 4; lastKnownFileType = sourcecode.c.h; path = FullGameInfo.h; sourceTree = "<group>"; };
		BA476D600EB587030035E2E4 /* FullGameInfo.m */ = {isa = PBXFileReference; fileEncoding = 4; lastKnownFileType = sourcecode.c.objc; path = FullGameInfo.m; sourceTree = "<group>"; };
		BA476E5C0EB599ED0035E2E4 /* XmlGameInfoReader.h */ = {isa = PBXFileReference; fileEncoding = 4; lastKnownFileType = sourcecode.c.h; path = XmlGameInfoReader.h; sourceTree = "<group>"; };
		BA476E5D0EB599ED0035E2E4 /* XmlGameInfoReader.m */ = {isa = PBXFileReference; fileEncoding = 4; lastKnownFileType = sourcecode.c.objc; path = XmlGameInfoReader.m; sourceTree = "<group>"; };
		BA48C4A40EB3CC36005B4297 /* BBGSearchResult.h */ = {isa = PBXFileReference; fileEncoding = 4; lastKnownFileType = sourcecode.c.h; path = BBGSearchResult.h; sourceTree = "<group>"; };
		BA48C4A50EB3CC36005B4297 /* BBGSearchResult.m */ = {isa = PBXFileReference; fileEncoding = 4; lastKnownFileType = sourcecode.c.objc; path = BBGSearchResult.m; sourceTree = "<group>"; };
		BA48C4A60EB3CC36005B4297 /* XmlSearchReader.h */ = {isa = PBXFileReference; fileEncoding = 4; lastKnownFileType = sourcecode.c.h; path = XmlSearchReader.h; sourceTree = "<group>"; };
		BA48C4A70EB3CC36005B4297 /* XmlSearchReader.m */ = {isa = PBXFileReference; fileEncoding = 4; lastKnownFileType = sourcecode.c.objc; path = XmlSearchReader.m; sourceTree = "<group>"; };
		BA48C4AA0EB3CC99005B4297 /* BoardGameSearchResultsTableViewController.h */ = {isa = PBXFileReference; fileEncoding = 4; lastKnownFileType = sourcecode.c.h; path = BoardGameSearchResultsTableViewController.h; sourceTree = "<group>"; };
		BA48C4AB0EB3CC99005B4297 /* BoardGameSearchResultsTableViewController.m */ = {isa = PBXFileReference; fileEncoding = 4; lastKnownFileType = sourcecode.c.objc; path = BoardGameSearchResultsTableViewController.m; sourceTree = "<group>"; };
		BA48C62D0EB5086F005B4297 /* FetchURLData.h */ = {isa = PBXFileReference; fileEncoding = 4; lastKnownFileType = sourcecode.c.h; path = FetchURLData.h; sourceTree = "<group>"; };
		BA48C62E0EB5086F005B4297 /* FetchURLData.m */ = {isa = PBXFileReference; fileEncoding = 4; lastKnownFileType = sourcecode.c.objc; path = FetchURLData.m; sourceTree = "<group>"; };
		BA48C6D80EB51639005B4297 /* LoadingCell.xib */ = {isa = PBXFileReference; lastKnownFileType = file.xib; path = LoadingCell.xib; sourceTree = "<group>"; };
		BA48C7340EB51BAF005B4297 /* AboutViewController.h */ = {isa = PBXFileReference; fileEncoding = 4; lastKnownFileType = sourcecode.c.h; path = AboutViewController.h; sourceTree = "<group>"; };
		BA48C7350EB51BAF005B4297 /* AboutViewController.m */ = {isa = PBXFileReference; fileEncoding = 4; lastKnownFileType = sourcecode.c.objc; path = AboutViewController.m; sourceTree = "<group>"; };
		BA48C7550EB51BED005B4297 /* About.xib */ = {isa = PBXFileReference; lastKnownFileType = file.xib; path = About.xib; sourceTree = "<group>"; };
		BA48C7570EB51C08005B4297 /* about.html */ = {isa = PBXFileReference; fileEncoding = 4; lastKnownFileType = text.html; path = about.html; sourceTree = "<group>"; };
		BA48C76F0EB51D03005B4297 /* libsqlite3.0.dylib */ = {isa = PBXFileReference; lastKnownFileType = "compiled.mach-o.dylib"; name = libsqlite3.0.dylib; path = usr/lib/libsqlite3.0.dylib; sourceTree = SDKROOT; };
		BA48C7710EB51D0E005B4297 /* SystemConfiguration.framework */ = {isa = PBXFileReference; lastKnownFileType = wrapper.framework; name = SystemConfiguration.framework; path = System/Library/Frameworks/SystemConfiguration.framework; sourceTree = SDKROOT; };
		BA48C7750EB51D17005B4297 /* CoreLocation.framework */ = {isa = PBXFileReference; lastKnownFileType = wrapper.framework; name = CoreLocation.framework; path = System/Library/Frameworks/CoreLocation.framework; sourceTree = SDKROOT; };
		BA48C82B0EB52932005B4297 /* GameInfo.xib */ = {isa = PBXFileReference; lastKnownFileType = file.xib; path = GameInfo.xib; sourceTree = "<group>"; };
		BA48C82E0EB52978005B4297 /* GameActions.xib */ = {isa = PBXFileReference; lastKnownFileType = file.xib; path = GameActions.xib; sourceTree = "<group>"; };
		BA4B53320FE3642F003E4FFA /* bgg14.db */ = {isa = PBXFileReference; lastKnownFileType = file; name = bgg14.db; path = sql/bgg14.db; sourceTree = "<group>"; };
		BA4DE14E0EB8119100B18E17 /* Entitlements.plist */ = {isa = PBXFileReference; fileEncoding = 4; lastKnownFileType = text.plist.xml; path = Entitlements.plist; sourceTree = "<group>"; };
		BA8D20D80F7D77D100578409 /* commentgrad.jpg */ = {isa = PBXFileReference; lastKnownFileType = image.jpeg; name = commentgrad.jpg; path = images/commentgrad.jpg; sourceTree = "<group>"; };
		BA8D20D90F7D77D100578409 /* topgrad.jpg */ = {isa = PBXFileReference; lastKnownFileType = image.jpeg; name = topgrad.jpg; path = images/topgrad.jpg; sourceTree = "<group>"; };
		BA8D21620F7D8BE800578409 /* stats_template.html */ = {isa = PBXFileReference; fileEncoding = 4; lastKnownFileType = text.html; path = stats_template.html; sourceTree = "<group>"; };
		BA8D217B0F7D8F0D00578409 /* comment_template.html */ = {isa = PBXFileReference; fileEncoding = 4; lastKnownFileType = text.html; path = comment_template.html; sourceTree = "<group>"; };
		BAA7D0180FDAF430002D5FCD /* CollectionItemEdit.xib */ = {isa = PBXFileReference; lastKnownFileType = file.xib; path = CollectionItemEdit.xib; sourceTree = "<group>"; };
		BAA7D01D0FDAF964002D5FCD /* CollectionItemEditViewController.h */ = {isa = PBXFileReference; fileEncoding = 4; lastKnownFileType = sourcecode.c.h; path = CollectionItemEditViewController.h; sourceTree = "<group>"; };
		BAA7D01E0FDAF964002D5FCD /* CollectionItemEditViewController.m */ = {isa = PBXFileReference; fileEncoding = 4; lastKnownFileType = sourcecode.c.objc; path = CollectionItemEditViewController.m; sourceTree = "<group>"; };
		BAA7D0B60FDB1C65002D5FCD /* WebView.xib */ = {isa = PBXFileReference; lastKnownFileType = file.xib; path = WebView.xib; sourceTree = "<group>"; };
		BAA7D0B90FDB1CAB002D5FCD /* WebViewController.h */ = {isa = PBXFileReference; fileEncoding = 4; lastKnownFileType = sourcecode.c.h; path = WebViewController.h; sourceTree = "<group>"; };
		BAA7D0BA0FDB1CAB002D5FCD /* WebViewController.m */ = {isa = PBXFileReference; fileEncoding = 4; lastKnownFileType = sourcecode.c.objc; path = WebViewController.m; sourceTree = "<group>"; };
		BAB288130EB6DEBF00A6AEE3 /* stats.png */ = {isa = PBXFileReference; lastKnownFileType = image.png; path = stats.png; sourceTree = "<group>"; };
		BAB288140EB6DEBF00A6AEE3 /* info.png */ = {isa = PBXFileReference; lastKnownFileType = image.png; path = info.png; sourceTree = "<group>"; };
		BAB288150EB6DEBF00A6AEE3 /* actions.png */ = {isa = PBXFileReference; lastKnownFileType = image.png; path = actions.png; sourceTree = "<group>"; };
		BAB2885B0EB6E12300A6AEE3 /* icon.png */ = {isa = PBXFileReference; lastKnownFileType = image.png; path = icon.png; sourceTree = "<group>"; };
		BABC9B780F24FD8300926B50 /* star_white.gif */ = {isa = PBXFileReference; lastKnownFileType = image.gif; name = star_white.gif; path = images/star_white.gif; sourceTree = "<group>"; };
		BABC9B790F24FD8300926B50 /* star_yellow.gif */ = {isa = PBXFileReference; lastKnownFileType = image.gif; name = star_yellow.gif; path = images/star_yellow.gif; sourceTree = "<group>"; };
		BABC9B7A0F24FD8300926B50 /* star_yellowhalf.gif */ = {isa = PBXFileReference; lastKnownFileType = image.gif; name = star_yellowhalf.gif; path = images/star_yellowhalf.gif; sourceTree = "<group>"; };
		BABC9B870F2505D500926B50 /* BGGConnect.h */ = {isa = PBXFileReference; fileEncoding = 4; lastKnownFileType = sourcecode.c.h; path = BGGConnect.h; sourceTree = "<group>"; };
		BABC9B880F2505D500926B50 /* BGGConnect.m */ = {isa = PBXFileReference; fileEncoding = 4; lastKnownFileType = sourcecode.c.objc; path = BGGConnect.m; sourceTree = "<group>"; };
		BABC9B950F250C8F00926B50 /* PostWorker.h */ = {isa = PBXFileReference; fileEncoding = 4; lastKnownFileType = sourcecode.c.h; path = PostWorker.h; sourceTree = "<group>"; };
		BABC9B960F250C8F00926B50 /* PostWorker.m */ = {isa = PBXFileReference; fileEncoding = 4; lastKnownFileType = sourcecode.c.objc; path = PostWorker.m; sourceTree = "<group>"; };
		BAC586EF0EF4882C00BF2280 /* about.png */ = {isa = PBXFileReference; lastKnownFileType = image.png; path = about.png; sourceTree = "<group>"; };
		BAC586F00EF4882C00BF2280 /* own.png */ = {isa = PBXFileReference; lastKnownFileType = image.png; path = own.png; sourceTree = "<group>"; };
		BAC586F10EF4882C00BF2280 /* search.png */ = {isa = PBXFileReference; lastKnownFileType = image.png; path = search.png; sourceTree = "<group>"; };
		BAC586F20EF4882C00BF2280 /* search_own.png */ = {isa = PBXFileReference; lastKnownFileType = image.png; path = search_own.png; sourceTree = "<group>"; };
		BAC586F30EF4882C00BF2280 /* settings.png */ = {isa = PBXFileReference; lastKnownFileType = image.png; path = settings.png; sourceTree = "<group>"; };
		BAC586F40EF4882C00BF2280 /* wish.png */ = {isa = PBXFileReference; lastKnownFileType = image.png; path = wish.png; sourceTree = "<group>"; };
		BAD111570EBD07C100C4F518 /* DbAccess.h */ = {isa = PBXFileReference; fileEncoding = 4; lastKnownFileType = sourcecode.c.h; path = DbAccess.h; sourceTree = "<group>"; };
		BAD111580EBD07C100C4F518 /* DbAccess.m */ = {isa = PBXFileReference; fileEncoding = 4; lastKnownFileType = sourcecode.c.objc; path = DbAccess.m; sourceTree = "<group>"; };
		BAD111AA0EBD0B9900C4F518 /* FMDatabase.h */ = {isa = PBXFileReference; fileEncoding = 4; lastKnownFileType = sourcecode.c.h; path = FMDatabase.h; sourceTree = "<group>"; };
		BAD111AB0EBD0B9900C4F518 /* FMDatabase.m */ = {isa = PBXFileReference; fileEncoding = 4; lastKnownFileType = sourcecode.c.objc; path = FMDatabase.m; sourceTree = "<group>"; };
		BAD111AC0EBD0B9900C4F518 /* FMDatabaseAdditions.h */ = {isa = PBXFileReference; fileEncoding = 4; lastKnownFileType = sourcecode.c.h; path = FMDatabaseAdditions.h; sourceTree = "<group>"; };
		BAD111AD0EBD0B9900C4F518 /* FMDatabaseAdditions.m */ = {isa = PBXFileReference; fileEncoding = 4; lastKnownFileType = sourcecode.c.objc; path = FMDatabaseAdditions.m; sourceTree = "<group>"; };
		BAD111AE0EBD0B9900C4F518 /* FMResultSet.h */ = {isa = PBXFileReference; fileEncoding = 4; lastKnownFileType = sourcecode.c.h; path = FMResultSet.h; sourceTree = "<group>"; };
		BAD111AF0EBD0B9900C4F518 /* FMResultSet.m */ = {isa = PBXFileReference; fileEncoding = 4; lastKnownFileType = sourcecode.c.objc; path = FMResultSet.m; sourceTree = "<group>"; };
		BAD111C40EBD0E4800C4F518 /* bgg.db */ = {isa = PBXFileReference; lastKnownFileType = file; name = bgg.db; path = sql/bgg.db; sourceTree = "<group>"; };
		BADA03E40ED5360500748D14 /* bgg12.db */ = {isa = PBXFileReference; lastKnownFileType = file; name = bgg12.db; path = sql/bgg12.db; sourceTree = "<group>"; };
		BADB59FB0EB8259800742CA6 /* DownloadGameInfoOperation.h */ = {isa = PBXFileReference; fileEncoding = 4; lastKnownFileType = sourcecode.c.h; path = DownloadGameInfoOperation.h; sourceTree = "<group>"; };
		BADB59FC0EB8259800742CA6 /* DownloadGameInfoOperation.m */ = {isa = PBXFileReference; fileEncoding = 4; lastKnownFileType = sourcecode.c.objc; path = DownloadGameInfoOperation.m; sourceTree = "<group>"; };
		BADB5A8F0EBAB9B800742CA6 /* RecordPlay.xib */ = {isa = PBXFileReference; lastKnownFileType = file.xib; path = RecordPlay.xib; sourceTree = "<group>"; };
		BADB5A920EBABB3C00742CA6 /* minus.png */ = {isa = PBXFileReference; lastKnownFileType = image.png; name = minus.png; path = images/minus.png; sourceTree = "<group>"; };
		BADB5A930EBABB3C00742CA6 /* plus.png */ = {isa = PBXFileReference; lastKnownFileType = image.png; name = plus.png; path = images/plus.png; sourceTree = "<group>"; };
		BADB5A980EBABC0A00742CA6 /* whiteButton.png */ = {isa = PBXFileReference; lastKnownFileType = image.png; name = whiteButton.png; path = images/whiteButton.png; sourceTree = "<group>"; };
		BADB5AB50EBABD8E00742CA6 /* LogPlayUIViewController.h */ = {isa = PBXFileReference; fileEncoding = 4; lastKnownFileType = sourcecode.c.h; path = LogPlayUIViewController.h; sourceTree = "<group>"; };
		BADB5AB60EBABD8E00742CA6 /* LogPlayUIViewController.m */ = {isa = PBXFileReference; fileEncoding = 4; lastKnownFileType = sourcecode.c.objc; path = LogPlayUIViewController.m; sourceTree = "<group>"; };
		BADB5AC10EBAC03900742CA6 /* blueButton.png */ = {isa = PBXFileReference; lastKnownFileType = image.png; name = blueButton.png; path = images/blueButton.png; sourceTree = "<group>"; };
		BAEC7B2F0EC7780600151693 /* CommentsUIViewController.h */ = {isa = PBXFileReference; fileEncoding = 4; lastKnownFileType = sourcecode.c.h; path = CommentsUIViewController.h; sourceTree = "<group>"; };
		BAEC7B300EC7780600151693 /* CommentsUIViewController.m */ = {isa = PBXFileReference; fileEncoding = 4; lastKnownFileType = sourcecode.c.objc; path = CommentsUIViewController.m; sourceTree = "<group>"; };
		BAEC7B440EC77DBE00151693 /* GameComments.xib */ = {isa = PBXFileReference; lastKnownFileType = file.xib; path = GameComments.xib; sourceTree = "<group>"; };
		BAEC7BE80EC7838F00151693 /* comments.png */ = {isa = PBXFileReference; lastKnownFileType = image.png; name = comments.png; path = images/comments.png; sourceTree = "<group>"; };
		BAEC7C180EC798BD00151693 /* GamePicker.xib */ = {isa = PBXFileReference; lastKnownFileType = file.xib; path = GamePicker.xib; sourceTree = "<group>"; };
		BAEC7C1B0EC798F300151693 /* GamePickerUIViewController.h */ = {isa = PBXFileReference; fileEncoding = 4; lastKnownFileType = sourcecode.c.h; path = GamePickerUIViewController.h; sourceTree = "<group>"; };
		BAEC7C1C0EC798F300151693 /* GamePickerUIViewController.m */ = {isa = PBXFileReference; fileEncoding = 4; lastKnownFileType = sourcecode.c.objc; path = GamePickerUIViewController.m; sourceTree = "<group>"; };
		BAEC7D040EC7ADD100151693 /* bgg11.db */ = {isa = PBXFileReference; lastKnownFileType = file; name = bgg11.db; path = sql/bgg11.db; sourceTree = "<group>"; };
		BAEC7D990EC7F02200151693 /* CollectionDownloadUIView.h */ = {isa = PBXFileReference; fileEncoding = 4; lastKnownFileType = sourcecode.c.h; path = CollectionDownloadUIView.h; sourceTree = "<group>"; };
		BAEC7D9A0EC7F02200151693 /* CollectionDownloadUIView.m */ = {isa = PBXFileReference; fileEncoding = 4; lastKnownFileType = sourcecode.c.objc; path = CollectionDownloadUIView.m; sourceTree = "<group>"; };
		BAEC7D9C0EC7F04600151693 /* CollectionDownload.xib */ = {isa = PBXFileReference; lastKnownFileType = file.xib; path = CollectionDownload.xib; sourceTree = "<group>"; };
		E52E318316E45BA70005123D /* Default-Landscape.png */ = {isa = PBXFileReference; lastKnownFileType = image.png; path = "Default-Landscape.png"; sourceTree = "<group>"; };
		E52E318416E45BA70005123D /* Default-Landscape@2x.png */ = {isa = PBXFileReference; lastKnownFileType = image.png; path = "Default-Landscape@2x.png"; sourceTree = "<group>"; };
		E52E318516E45BA70005123D /* Default-Portrait.png */ = {isa = PBXFileReference; lastKnownFileType = image.png; path = "Default-Portrait.png"; sourceTree = "<group>"; };
		E52E318616E45BA70005123D /* Default-Portrait@2x.png */ = {isa = PBXFileReference; lastKnownFileType = image.png; path = "Default-Portrait@2x.png"; sourceTree = "<group>"; };
		E52E318716E45BA70005123D /* MainStoryboard_iPhone.storyboard */ = {isa = PBXFileReference; fileEncoding = 4; lastKnownFileType = file.storyboard; path = MainStoryboard_iPhone.storyboard; sourceTree = "<group>"; };
		E5381E3A16DAA4FC00B7208B /* GMSDetailViewController.h */ = {isa = PBXFileReference; fileEncoding = 4; lastKnownFileType = sourcecode.c.h; name = GMSDetailViewController.h; path = iPad/GMSDetailViewController.h; sourceTree = "<group>"; };
		E5381E3B16DAA4FC00B7208B /* GMSDetailViewController.m */ = {isa = PBXFileReference; fileEncoding = 4; lastKnownFileType = sourcecode.c.objc; name = GMSDetailViewController.m; path = iPad/GMSDetailViewController.m; sourceTree = "<group>"; };
		E5381E3C16DAA4FC00B7208B /* MainStoryboard_iPad.storyboard */ = {isa = PBXFileReference; fileEncoding = 4; lastKnownFileType = file.storyboard; name = MainStoryboard_iPad.storyboard; path = iPad/MainStoryboard_iPad.storyboard; sourceTree = "<group>"; };
		E543094616F45D94009BA4D3 /* BGGUISplitViewController.h */ = {isa = PBXFileReference; fileEncoding = 4; lastKnownFileType = sourcecode.c.h; path = BGGUISplitViewController.h; sourceTree = "<group>"; };
		E543094716F45D94009BA4D3 /* BGGUISplitViewController.m */ = {isa = PBXFileReference; fileEncoding = 4; lastKnownFileType = sourcecode.c.objc; path = BGGUISplitViewController.m; sourceTree = "<group>"; };
		E5AC4FC916D8827B00CF5ABE /* Default-568h@2x.png */ = {isa = PBXFileReference; lastKnownFileType = image.png; path = "Default-568h@2x.png"; sourceTree = "<group>"; };
		E5AC4FCB16D8902200CF5ABE /* ForumReply.xib */ = {isa = PBXFileReference; fileEncoding = 4; lastKnownFileType = file.xib; name = ForumReply.xib; path = ../ForumReply.xib; sourceTree = "<group>"; };
		E5AC4FCE16D8910E00CF5ABE /* ForumReplyViewController.h */ = {isa = PBXFileReference; fileEncoding = 4; lastKnownFileType = sourcecode.c.h; path = ForumReplyViewController.h; sourceTree = "<group>"; };
		E5AC4FCF16D8910E00CF5ABE /* ForumReplyViewController.m */ = {isa = PBXFileReference; fileEncoding = 4; lastKnownFileType = sourcecode.c.objc; path = ForumReplyViewController.m; sourceTree = "<group>"; };
		E5D700B016E2ADDE0044F649 /* GameInfoItem.h */ = {isa = PBXFileReference; fileEncoding = 4; lastKnownFileType = sourcecode.c.h; path = GameInfoItem.h; sourceTree = "<group>"; };
		E5D700B116E2ADDE0044F649 /* GameInfoItem.m */ = {isa = PBXFileReference; fileEncoding = 4; lastKnownFileType = sourcecode.c.objc; path = GameInfoItem.m; sourceTree = "<group>"; };
		E5D700B916E3CAAA0044F649 /* GameViewUITabBarViewController.h */ = {isa = PBXFileReference; fileEncoding = 4; lastKnownFileType = sourcecode.c.h; path = GameViewUITabBarViewController.h; sourceTree = "<group>"; };
		E5D700BA16E3CAAA0044F649 /* GameViewUITabBarViewController.m */ = {isa = PBXFileReference; fileEncoding = 4; lastKnownFileType = sourcecode.c.objc; path = GameViewUITabBarViewController.m; sourceTree = "<group>"; };
		E5D700BC16E445EA0044F649 /* icon-ret.png */ = {isa = PBXFileReference; lastKnownFileType = image.png; path = "icon-ret.png"; sourceTree = "<group>"; };
		E5D700BE16E446920044F649 /* icon57.png */ = {isa = PBXFileReference; lastKnownFileType = image.png; path = icon57.png; sourceTree = "<group>"; };
		E5D700C016E446990044F649 /* icon114.png */ = {isa = PBXFileReference; lastKnownFileType = image.png; path = icon114.png; sourceTree = "<group>"; };
		E5D700C216E446FD0044F649 /* Default.png */ = {isa = PBXFileReference; lastKnownFileType = image.png; path = Default.png; sourceTree = "<group>"; };
		E5D700C416E44A470044F649 /* Default@2x.png */ = {isa = PBXFileReference; lastKnownFileType = image.png; path = "Default@2x.png"; sourceTree = "<group>"; };
		E5D700C616E44C880044F649 /* Default-Portrait~ipad.png */ = {isa = PBXFileReference; lastKnownFileType = image.png; path = "Default-Portrait~ipad.png"; sourceTree = "<group>"; };
		E5D700C816E44C900044F649 /* Default-Portrait@2x~ipad.png */ = {isa = PBXFileReference; lastKnownFileType = image.png; path = "Default-Portrait@2x~ipad.png"; sourceTree = "<group>"; };
		E5D700CA16E44C990044F649 /* Default-Landscape~ipad.png */ = {isa = PBXFileReference; lastKnownFileType = image.png; path = "Default-Landscape~ipad.png"; sourceTree = "<group>"; };
		E5D700CC16E44CA10044F649 /* Default-Landscape@2x~ipad.png */ = {isa = PBXFileReference; lastKnownFileType = image.png; path = "Default-Landscape@2x~ipad.png"; sourceTree = "<group>"; };
/* End PBXFileReference section */

/* Begin PBXFrameworksBuildPhase section */
		1D60588F0D05DD3D006BFB54 /* Frameworks */ = {
			isa = PBXFrameworksBuildPhase;
			buildActionMask = 2147483647;
			files = (
				1D60589F0D05DD5A006BFB54 /* Foundation.framework in Frameworks */,
				1DF5F4E00D08C38300B7A737 /* UIKit.framework in Frameworks */,
				2892E4100DC94CBA00A64D0F /* CoreGraphics.framework in Frameworks */,
				BA48C7700EB51D03005B4297 /* libsqlite3.0.dylib in Frameworks */,
				BA48C7720EB51D0E005B4297 /* SystemConfiguration.framework in Frameworks */,
				BA48C7760EB51D17005B4297 /* CoreLocation.framework in Frameworks */,
			);
			runOnlyForDeploymentPostprocessing = 0;
		};
/* End PBXFrameworksBuildPhase section */

/* Begin PBXGroup section */
		080E96DDFE201D6D7F000001 /* Classes */ = {
			isa = PBXGroup;
			children = (
				E5D700B516E3B0BC0044F649 /* tabs */,
				E5D700B316E3AFBB0044F649 /* Forum */,
				BAA7D01C0FDAF93A002D5FCD /* collectionman */,
				BA256A290F61000F00C37A64 /* template */,
				BABC9B860F2505AF00926B50 /* bggConnect */,
				BAEC7C120EC797AC00151693 /* gamepicker */,
				28C286DF0D94DF7D0034E888 /* RootViewController.h */,
				28C286E00D94DF7D0034E888 /* RootViewController.m */,
				1D3623240D0F684500981E51 /* BGGAppDelegate.h */,
				1D3623250D0F684500981E51 /* BGGAppDelegate.m */,
				BA03E8330EA85D980069F8D6 /* PlistSettings.h */,
				BA03E8340EA85D980069F8D6 /* PlistSettings.m */,
				2B559E2A10EFA35700CCF5E4 /* BrowseTop100ViewController.h */,
				2B559E2B10EFA35700CCF5E4 /* BrowseTop100ViewController.m */,
			);
			path = Classes;
			sourceTree = "<group>";
		};
		19C28FACFE9D520D11CA2CBB /* Products */ = {
			isa = PBXGroup;
			children = (
				1D6058910D05DD3D006BFB54 /* BGG.app */,
			);
			name = Products;
			sourceTree = "<group>";
		};
		29B97314FDCFA39411CA2CEA /* CustomTemplate */ = {
			isa = PBXGroup;
			children = (
				E5D700CC16E44CA10044F649 /* Default-Landscape@2x~ipad.png */,
				E5D700CA16E44C990044F649 /* Default-Landscape~ipad.png */,
				E5D700C816E44C900044F649 /* Default-Portrait@2x~ipad.png */,
				E5D700C616E44C880044F649 /* Default-Portrait~ipad.png */,
				E5D700C416E44A470044F649 /* Default@2x.png */,
				E5D700C216E446FD0044F649 /* Default.png */,
				E5D700C016E446990044F649 /* icon114.png */,
				E5D700BE16E446920044F649 /* icon57.png */,
				E5D700BC16E445EA0044F649 /* icon-ret.png */,
				080E96DDFE201D6D7F000001 /* Classes */,
				29B97315FDCFA39411CA2CEA /* Other Sources */,
				29B97317FDCFA39411CA2CEA /* Resources */,
				E5381DEA16DAA2E600B7208B /* iPad */,
				29B97323FDCFA39411CA2CEA /* Frameworks */,
				19C28FACFE9D520D11CA2CBB /* Products */,
				BA48C76F0EB51D03005B4297 /* libsqlite3.0.dylib */,
				BA48C7710EB51D0E005B4297 /* SystemConfiguration.framework */,
				BA48C7750EB51D17005B4297 /* CoreLocation.framework */,
			);
			name = CustomTemplate;
			sourceTree = "<group>";
		};
		29B97315FDCFA39411CA2CEA /* Other Sources */ = {
			isa = PBXGroup;
			children = (
				28A0AAE50D9B0CCF005BE974 /* BGG_Prefix.pch */,
				29B97316FDCFA39411CA2CEA /* main.m */,
			);
			name = "Other Sources";
			sourceTree = "<group>";
		};
		29B97317FDCFA39411CA2CEA /* Resources */ = {
			isa = PBXGroup;
			children = (
				E5D700B816E3B1DE0044F649 /* xib */,
				E5D700B716E3B1980044F649 /* images */,
				E5D700B616E3B1800044F649 /* overhead */,
				BA256A3F0F61059000C37A64 /* html */,
				BA48C7570EB51C08005B4297 /* about.html */,
			);
			name = Resources;
			sourceTree = "<group>";
		};
		29B97323FDCFA39411CA2CEA /* Frameworks */ = {
			isa = PBXGroup;
			children = (
				1DF5F4DF0D08C38300B7A737 /* UIKit.framework */,
				1D30AB110D05D00D00671497 /* Foundation.framework */,
				2892E40F0DC94CBA00A64D0F /* CoreGraphics.framework */,
			);
			name = Frameworks;
			sourceTree = "<group>";
		};
		BA256A290F61000F00C37A64 /* template */ = {
			isa = PBXGroup;
			children = (
				BA256A220F60FB5B00C37A64 /* HtmlTemplate.h */,
				BA256A230F60FB5B00C37A64 /* HtmlTemplate.m */,
			);
			name = template;
			sourceTree = "<group>";
		};
		BA256A3F0F61059000C37A64 /* html */ = {
			isa = PBXGroup;
			children = (
				943543FB10F1BCAE00E545D3 /* thread_messages_template.html */,
				BA8D217B0F7D8F0D00578409 /* comment_template.html */,
				BA8D21620F7D8BE800578409 /* stats_template.html */,
				BA256A400F61059000C37A64 /* game_template.html */,
			);
			path = html;
			sourceTree = "<group>";
		};
		BA3C7D8A0EC769CA00F24BF4 /* comments */ = {
			isa = PBXGroup;
			children = (
				BA3C7D8D0EC76A0B00F24BF4 /* GameCommentsXmlParser.h */,
				BA3C7D8E0EC76A0B00F24BF4 /* GameCommentsXmlParser.m */,
				BAEC7B2F0EC7780600151693 /* CommentsUIViewController.h */,
				BAEC7B300EC7780600151693 /* CommentsUIViewController.m */,
			);
			name = comments;
			sourceTree = "<group>";
		};
		BAA7D01C0FDAF93A002D5FCD /* collectionman */ = {
			isa = PBXGroup;
			children = (
				BAA7D01D0FDAF964002D5FCD /* CollectionItemEditViewController.h */,
				BAA7D01E0FDAF964002D5FCD /* CollectionItemEditViewController.m */,
			);
			name = collectionman;
			sourceTree = "<group>";
		};
		BABC9B860F2505AF00926B50 /* bggConnect */ = {
			isa = PBXGroup;
			children = (
				BA48C62D0EB5086F005B4297 /* FetchURLData.h */,
				BA48C62E0EB5086F005B4297 /* FetchURLData.m */,
				BAD111570EBD07C100C4F518 /* DbAccess.h */,
				BAD111580EBD07C100C4F518 /* DbAccess.m */,
				BAD111AE0EBD0B9900C4F518 /* FMResultSet.h */,
				BAD111AF0EBD0B9900C4F518 /* FMResultSet.m */,
				94CD562F110259120081FEDF /* Top100ImageDownloadOperation.h */,
				94CD5630110259120081FEDF /* Top100ImageDownloadOperation.m */,
				BA476D5F0EB587030035E2E4 /* FullGameInfo.h */,
				BA476D600EB587030035E2E4 /* FullGameInfo.m */,
				E5D700B016E2ADDE0044F649 /* GameInfoItem.h */,
				E5D700B116E2ADDE0044F649 /* GameInfoItem.m */,
				BA476E5C0EB599ED0035E2E4 /* XmlGameInfoReader.h */,
				BA476E5D0EB599ED0035E2E4 /* XmlGameInfoReader.m */,
				BA48C4A40EB3CC36005B4297 /* BBGSearchResult.h */,
				BA48C4A50EB3CC36005B4297 /* BBGSearchResult.m */,
				BA48C4A60EB3CC36005B4297 /* XmlSearchReader.h */,
				BA48C4A70EB3CC36005B4297 /* XmlSearchReader.m */,
				BAD111AA0EBD0B9900C4F518 /* FMDatabase.h */,
				BAD111AB0EBD0B9900C4F518 /* FMDatabase.m */,
				BAD111AC0EBD0B9900C4F518 /* FMDatabaseAdditions.h */,
				BAD111AD0EBD0B9900C4F518 /* FMDatabaseAdditions.m */,
				943543E210F1BC9E00E545D3 /* BGGHTMLScraper.h */,
				943543E310F1BC9E00E545D3 /* BGGHTMLScraper.m */,
				BABC9B870F2505D500926B50 /* BGGConnect.h */,
				BABC9B880F2505D500926B50 /* BGGConnect.m */,
				BABC9B950F250C8F00926B50 /* PostWorker.h */,
				BABC9B960F250C8F00926B50 /* PostWorker.m */,
				BA3DE4DA0FE0B13C005402D8 /* CollectionItemData.h */,
				BA3DE4DB0FE0B13C005402D8 /* CollectionItemData.m */,
			);
			name = bggConnect;
			sourceTree = "<group>";
		};
		BAC586EE0EF4882C00BF2280 /* mainMenuIcons */ = {
			isa = PBXGroup;
			children = (
				BAC586EF0EF4882C00BF2280 /* about.png */,
				BAC586F00EF4882C00BF2280 /* own.png */,
				BAC586F10EF4882C00BF2280 /* search.png */,
				BAC586F20EF4882C00BF2280 /* search_own.png */,
				BAC586F30EF4882C00BF2280 /* settings.png */,
				BAC586F40EF4882C00BF2280 /* wish.png */,
			);
			name = mainMenuIcons;
			path = images/mainMenuIcons;
			sourceTree = "<group>";
		};
		BAEC7C120EC797AC00151693 /* gamepicker */ = {
			isa = PBXGroup;
			children = (
				BAEC7C180EC798BD00151693 /* GamePicker.xib */,
				BAEC7C1B0EC798F300151693 /* GamePickerUIViewController.h */,
				BAEC7C1C0EC798F300151693 /* GamePickerUIViewController.m */,
				BAEC7D990EC7F02200151693 /* CollectionDownloadUIView.h */,
				BAEC7D9A0EC7F02200151693 /* CollectionDownloadUIView.m */,
				BAEC7D9C0EC7F04600151693 /* CollectionDownload.xib */,
			);
			name = gamepicker;
			sourceTree = "<group>";
		};
		E5381DEA16DAA2E600B7208B /* iPad */ = {
			isa = PBXGroup;
			children = (
				E5381E3A16DAA4FC00B7208B /* GMSDetailViewController.h */,
				E5381E3B16DAA4FC00B7208B /* GMSDetailViewController.m */,
				E5381E3C16DAA4FC00B7208B /* MainStoryboard_iPad.storyboard */,
				E543094616F45D94009BA4D3 /* BGGUISplitViewController.h */,
				E543094716F45D94009BA4D3 /* BGGUISplitViewController.m */,
			);
			name = iPad;
			sourceTree = "<group>";
		};
		E5AC4FCD16D890E600CF5ABE /* ForumReply */ = {
			isa = PBXGroup;
			children = (
				E5AC4FCB16D8902200CF5ABE /* ForumReply.xib */,
				E5AC4FCE16D8910E00CF5ABE /* ForumReplyViewController.h */,
				E5AC4FCF16D8910E00CF5ABE /* ForumReplyViewController.m */,
			);
			name = ForumReply;
			sourceTree = "<group>";
		};
		E5D700B316E3AFBB0044F649 /* Forum */ = {
			isa = PBXGroup;
			children = (
				BA3C7D8A0EC769CA00F24BF4 /* comments */,
				943543E810F1BC9E00E545D3 /* GameComment.h */,
				943543E910F1BC9E00E545D3 /* GameComment.m */,
				943543EA10F1BC9E00E545D3 /* GameForumsViewController.h */,
				943543EB10F1BC9E00E545D3 /* GameForumsViewController.m */,
				943543E610F1BC9E00E545D3 /* BGGThread.h */,
				943543E710F1BC9E00E545D3 /* BGGThread.m */,
				943543E410F1BC9E00E545D3 /* BGGMessage.h */,
				943543E510F1BC9E00E545D3 /* BGGMessage.m */,
				943543E010F1BC9E00E545D3 /* BGGForum.h */,
				943543E110F1BC9E00E545D3 /* BGGForum.m */,
				9435440610F1BCF600E545D3 /* ForumThreadsViewController.h */,
				9435440710F1BCF600E545D3 /* ForumThreadsViewController.m */,
				E5AC4FCD16D890E600CF5ABE /* ForumReply */,
			);
			name = Forum;
			sourceTree = "<group>";
		};
		E5D700B416E3B05E0044F649 /* Game View */ = {
			isa = PBXGroup;
			children = (
				E5D700B916E3CAAA0044F649 /* GameViewUITabBarViewController.h */,
				E5D700BA16E3CAAA0044F649 /* GameViewUITabBarViewController.m */,
				BADB59FB0EB8259800742CA6 /* DownloadGameInfoOperation.h */,
				BADB59FC0EB8259800742CA6 /* DownloadGameInfoOperation.m */,
				BADB5AB60EBABD8E00742CA6 /* LogPlayUIViewController.m */,
				943543EC10F1BC9E00E545D3 /* GameViewTabController.h */,
				943543ED10F1BC9E00E545D3 /* GameViewTabController.m */,
				943543EE10F1BC9E00E545D3 /* LoadingViewController.h */,
				943543EF10F1BC9E00E545D3 /* LoadingViewController.m */,
				2B22EC1410F4C00300FCE834 /* LoadingTableViewController.h */,
				2B22EC1510F4C00300FCE834 /* LoadingTableViewController.m */,
				943543F010F1BC9E00E545D3 /* MessageThreadViewController.h */,
				943543F110F1BC9E00E545D3 /* MessageThreadViewController.m */,
			);
			name = "Game View";
			sourceTree = "<group>";
		};
		E5D700B516E3B0BC0044F649 /* tabs */ = {
			isa = PBXGroup;
			children = (
				BA476C880EB53B350035E2E4 /* GameInfoViewController.h */,
				BA476C890EB53B350035E2E4 /* GameInfoViewController.m */,
				BA476C8B0EB53B400035E2E4 /* GameActionsViewController.h */,
				BA476C8C0EB53B400035E2E4 /* GameActionsViewController.m */,
				BA03E7CB0EA858B20069F8D6 /* SearchUIViewController.h */,
				BA03E7CC0EA858B20069F8D6 /* SearchUIViewController.m */,
				BA03E7E00EA85AC60069F8D6 /* SettingsUIViewController.h */,
				BA03E7E10EA85AC60069F8D6 /* SettingsUIViewController.m */,
				BA48C7340EB51BAF005B4297 /* AboutViewController.h */,
				BA48C7350EB51BAF005B4297 /* AboutViewController.m */,
				BADB5AB50EBABD8E00742CA6 /* LogPlayUIViewController.h */,
				BA48C4AA0EB3CC99005B4297 /* BoardGameSearchResultsTableViewController.h */,
				BA48C4AB0EB3CC99005B4297 /* BoardGameSearchResultsTableViewController.m */,
				BAA7D0B90FDB1CAB002D5FCD /* WebViewController.h */,
				BAA7D0BA0FDB1CAB002D5FCD /* WebViewController.m */,
				E5D700B416E3B05E0044F649 /* Game View */,
			);
			name = tabs;
			sourceTree = "<group>";
		};
		E5D700B616E3B1800044F649 /* overhead */ = {
			isa = PBXGroup;
			children = (
				BA4DE14E0EB8119100B18E17 /* Entitlements.plist */,
				BA03E84F0EA8619B0069F8D6 /* settings.plist */,
				8D1107310486CEB800E47090 /* Info.plist */,
				BA4B53320FE3642F003E4FFA /* bgg14.db */,
				BA0CF3500EF22B5B000AE1EF /* bgg13.db */,
				BADA03E40ED5360500748D14 /* bgg12.db */,
				BAEC7D040EC7ADD100151693 /* bgg11.db */,
				BAD111C40EBD0E4800C4F518 /* bgg.db */,
			);
			name = overhead;
			sourceTree = "<group>";
		};
		E5D700B716E3B1980044F649 /* images */ = {
			isa = PBXGroup;
			children = (
				E52E318316E45BA70005123D /* Default-Landscape.png */,
				E52E318416E45BA70005123D /* Default-Landscape@2x.png */,
				E52E318516E45BA70005123D /* Default-Portrait.png */,
				E52E318616E45BA70005123D /* Default-Portrait@2x.png */,
				BAB2885B0EB6E12300A6AEE3 /* icon.png */,
				E5AC4FC916D8827B00CF5ABE /* Default-568h@2x.png */,
				BADB5AC10EBAC03900742CA6 /* blueButton.png */,
				BADB5A980EBABC0A00742CA6 /* whiteButton.png */,
				BADB5A920EBABB3C00742CA6 /* minus.png */,
				BADB5A930EBABB3C00742CA6 /* plus.png */,
				BAB288130EB6DEBF00A6AEE3 /* stats.png */,
				BAB288140EB6DEBF00A6AEE3 /* info.png */,
				BAB288150EB6DEBF00A6AEE3 /* actions.png */,
				BAEC7BE80EC7838F00151693 /* comments.png */,
				2BF3FA231176020B00F07377 /* forums.png */,
				BA3C7D2F0EC75F4200F24BF4 /* footer.png */,
				BA3C7D230EC75BF000F24BF4 /* header.png */,
				BA8D20D80F7D77D100578409 /* commentgrad.jpg */,
				BA8D20D90F7D77D100578409 /* topgrad.jpg */,
				BABC9B780F24FD8300926B50 /* star_white.gif */,
				BABC9B790F24FD8300926B50 /* star_yellow.gif */,
				BABC9B7A0F24FD8300926B50 /* star_yellowhalf.gif */,
				BAC586EE0EF4882C00BF2280 /* mainMenuIcons */,
				94A96F751104ED4200112CAE /* loading.jpg */,
			);
			name = images;
			sourceTree = "<group>";
		};
		E5D700B816E3B1DE0044F649 /* xib */ = {
			isa = PBXGroup;
			children = (
				BAEC7B440EC77DBE00151693 /* GameComments.xib */,
				BA1C98FA0F2BA4C800E65F69 /* GameCollectionSettings.xib */,
				BA48C7550EB51BED005B4297 /* About.xib */,
				BAA7D0B60FDB1C65002D5FCD /* WebView.xib */,
				2899E55F0DE3E45000AC0155 /* RootViewController.xib */,
				28AD735F0D9D9599002E5188 /* MainWindow.xib */,
				E52E318716E45BA70005123D /* MainStoryboard_iPhone.storyboard */,
				BA03E7C80EA858760069F8D6 /* Search.xib */,
				BA03E7DD0EA85A310069F8D6 /* Settings.xib */,
				BA48C6D80EB51639005B4297 /* LoadingCell.xib */,
				BAA7D0180FDAF430002D5FCD /* CollectionItemEdit.xib */,
				BA48C82E0EB52978005B4297 /* GameActions.xib */,
				BA48C82B0EB52932005B4297 /* GameInfo.xib */,
				BADB5A8F0EBAB9B800742CA6 /* RecordPlay.xib */,
			);
			name = xib;
			sourceTree = "<group>";
		};
/* End PBXGroup section */

/* Begin PBXNativeTarget section */
		1D6058900D05DD3D006BFB54 /* BGG */ = {
			isa = PBXNativeTarget;
			buildConfigurationList = 1D6058960D05DD3E006BFB54 /* Build configuration list for PBXNativeTarget "BGG" */;
			buildPhases = (
				1D60588D0D05DD3D006BFB54 /* Resources */,
				1D60588E0D05DD3D006BFB54 /* Sources */,
				1D60588F0D05DD3D006BFB54 /* Frameworks */,
			);
			buildRules = (
			);
			dependencies = (
			);
			name = BGG;
			productName = BGG;
			productReference = 1D6058910D05DD3D006BFB54 /* BGG.app */;
			productType = "com.apple.product-type.application";
		};
/* End PBXNativeTarget section */

/* Begin PBXProject section */
		29B97313FDCFA39411CA2CEA /* Project object */ = {
			isa = PBXProject;
			attributes = {
				LastUpgradeCheck = 0460;
			};
			buildConfigurationList = C01FCF4E08A954540054247B /* Build configuration list for PBXProject "BGG" */;
			compatibilityVersion = "Xcode 3.2";
			developmentRegion = English;
			hasScannedForEncodings = 1;
			knownRegions = (
				English,
				Japanese,
				French,
				German,
				en,
			);
			mainGroup = 29B97314FDCFA39411CA2CEA /* CustomTemplate */;
			projectDirPath = "";
			projectRoot = "";
			targets = (
				1D6058900D05DD3D006BFB54 /* BGG */,
			);
		};
/* End PBXProject section */

/* Begin PBXResourcesBuildPhase section */
		1D60588D0D05DD3D006BFB54 /* Resources */ = {
			isa = PBXResourcesBuildPhase;
			buildActionMask = 2147483647;
			files = (
				28AD73600D9D9599002E5188 /* MainWindow.xib in Resources */,
				2899E5600DE3E45000AC0155 /* RootViewController.xib in Resources */,
				BA03E7C90EA858760069F8D6 /* Search.xib in Resources */,
				BA03E7DE0EA85A310069F8D6 /* Settings.xib in Resources */,
				BA03E8500EA8619B0069F8D6 /* settings.plist in Resources */,
				BA48C6D90EB51639005B4297 /* LoadingCell.xib in Resources */,
				BA48C7560EB51BED005B4297 /* About.xib in Resources */,
				BA48C7580EB51C08005B4297 /* about.html in Resources */,
				BA48C82C0EB52932005B4297 /* GameInfo.xib in Resources */,
				BA48C82F0EB52978005B4297 /* GameActions.xib in Resources */,
				BAB288160EB6DEBF00A6AEE3 /* stats.png in Resources */,
				BAB288170EB6DEBF00A6AEE3 /* info.png in Resources */,
				BAB288180EB6DEBF00A6AEE3 /* actions.png in Resources */,
				BAB2885C0EB6E12300A6AEE3 /* icon.png in Resources */,
				BA4DE14F0EB8119100B18E17 /* Entitlements.plist in Resources */,
				BADB5A900EBAB9B800742CA6 /* RecordPlay.xib in Resources */,
				BADB5A940EBABB3C00742CA6 /* minus.png in Resources */,
				BADB5A950EBABB3C00742CA6 /* plus.png in Resources */,
				BADB5A990EBABC0A00742CA6 /* whiteButton.png in Resources */,
				BADB5AC20EBAC03900742CA6 /* blueButton.png in Resources */,
				BAD111C50EBD0E4800C4F518 /* bgg.db in Resources */,
				BA3C7D240EC75BF000F24BF4 /* header.png in Resources */,
				BA3C7D300EC75F4200F24BF4 /* footer.png in Resources */,
				BAEC7B450EC77DBE00151693 /* GameComments.xib in Resources */,
				BAEC7BE90EC7838F00151693 /* comments.png in Resources */,
				BAEC7C190EC798BD00151693 /* GamePicker.xib in Resources */,
				BAEC7D050EC7ADD100151693 /* bgg11.db in Resources */,
				BAEC7D9D0EC7F04600151693 /* CollectionDownload.xib in Resources */,
				BADA03E50ED5360500748D14 /* bgg12.db in Resources */,
				BA0CF3510EF22B5B000AE1EF /* bgg13.db in Resources */,
				BAC586F50EF4882C00BF2280 /* about.png in Resources */,
				BAC586F60EF4882C00BF2280 /* own.png in Resources */,
				BAC586F70EF4882C00BF2280 /* search.png in Resources */,
				BAC586F80EF4882C00BF2280 /* search_own.png in Resources */,
				BAC586F90EF4882C00BF2280 /* settings.png in Resources */,
				BAC586FA0EF4882C00BF2280 /* wish.png in Resources */,
				BABC9B7B0F24FD8300926B50 /* star_white.gif in Resources */,
				BABC9B7C0F24FD8300926B50 /* star_yellow.gif in Resources */,
				BABC9B7D0F24FD8300926B50 /* star_yellowhalf.gif in Resources */,
				BA1C98FB0F2BA4C800E65F69 /* GameCollectionSettings.xib in Resources */,
				BA256A410F61059000C37A64 /* game_template.html in Resources */,
				BA8D20DA0F7D77D100578409 /* commentgrad.jpg in Resources */,
				BA8D20DB0F7D77D100578409 /* topgrad.jpg in Resources */,
				BA8D21630F7D8BE800578409 /* stats_template.html in Resources */,
				BA8D217C0F7D8F0D00578409 /* comment_template.html in Resources */,
				BAA7D0190FDAF430002D5FCD /* CollectionItemEdit.xib in Resources */,
				BAA7D0B70FDB1C65002D5FCD /* WebView.xib in Resources */,
				BA4B53330FE3642F003E4FFA /* bgg14.db in Resources */,
				943543FC10F1BCAE00E545D3 /* thread_messages_template.html in Resources */,
				94A96F761104ED4200112CAE /* loading.jpg in Resources */,
				2BF3FA241176020B00F07377 /* forums.png in Resources */,
				E5AC4FCA16D8827B00CF5ABE /* Default-568h@2x.png in Resources */,
				E5AC4FCC16D8902200CF5ABE /* ForumReply.xib in Resources */,
				E5381E3E16DAA4FC00B7208B /* MainStoryboard_iPad.storyboard in Resources */,
				E5D700BD16E445EB0044F649 /* icon-ret.png in Resources */,
				E5D700BF16E446930044F649 /* icon57.png in Resources */,
				E5D700C116E4469A0044F649 /* icon114.png in Resources */,
				E5D700C316E446FD0044F649 /* Default.png in Resources */,
				E5D700C516E44A470044F649 /* Default@2x.png in Resources */,
				E5D700C716E44C880044F649 /* Default-Portrait~ipad.png in Resources */,
				E5D700C916E44C910044F649 /* Default-Portrait@2x~ipad.png in Resources */,
				E5D700CB16E44C990044F649 /* Default-Landscape~ipad.png in Resources */,
				E5D700CD16E44CA20044F649 /* Default-Landscape@2x~ipad.png in Resources */,
				E52E318816E45BA70005123D /* Default-Landscape.png in Resources */,
				E52E318916E45BA70005123D /* Default-Landscape@2x.png in Resources */,
				E52E318A16E45BA70005123D /* Default-Portrait.png in Resources */,
				E52E318B16E45BA70005123D /* Default-Portrait@2x.png in Resources */,
				E52E318C16E45BA70005123D /* MainStoryboard_iPhone.storyboard in Resources */,
			);
			runOnlyForDeploymentPostprocessing = 0;
		};
/* End PBXResourcesBuildPhase section */

/* Begin PBXSourcesBuildPhase section */
		1D60588E0D05DD3D006BFB54 /* Sources */ = {
			isa = PBXSourcesBuildPhase;
			buildActionMask = 2147483647;
			files = (
				1D60589B0D05DD56006BFB54 /* main.m in Sources */,
				1D3623260D0F684500981E51 /* BGGAppDelegate.m in Sources */,
				28C286E10D94DF7D0034E888 /* RootViewController.m in Sources */,
				BA03E7CD0EA858B20069F8D6 /* SearchUIViewController.m in Sources */,
				BA03E7E20EA85AC60069F8D6 /* SettingsUIViewController.m in Sources */,
				BA03E8350EA85D980069F8D6 /* PlistSettings.m in Sources */,
				BA48C4A80EB3CC36005B4297 /* BBGSearchResult.m in Sources */,
				BA48C4A90EB3CC36005B4297 /* XmlSearchReader.m in Sources */,
				BA48C4AC0EB3CC99005B4297 /* BoardGameSearchResultsTableViewController.m in Sources */,
				BA48C62F0EB5086F005B4297 /* FetchURLData.m in Sources */,
				BA48C7360EB51BAF005B4297 /* AboutViewController.m in Sources */,
				BA476C8A0EB53B350035E2E4 /* GameInfoViewController.m in Sources */,
				BA476C8D0EB53B400035E2E4 /* GameActionsViewController.m in Sources */,
				BA476D610EB587030035E2E4 /* FullGameInfo.m in Sources */,
				BA476E5E0EB599ED0035E2E4 /* XmlGameInfoReader.m in Sources */,
				BADB59FD0EB8259800742CA6 /* DownloadGameInfoOperation.m in Sources */,
				BADB5AB70EBABD8E00742CA6 /* LogPlayUIViewController.m in Sources */,
				BAD111590EBD07C100C4F518 /* DbAccess.m in Sources */,
				BAD111B00EBD0B9900C4F518 /* FMDatabase.m in Sources */,
				BAD111B10EBD0B9900C4F518 /* FMDatabaseAdditions.m in Sources */,
				BAD111B20EBD0B9900C4F518 /* FMResultSet.m in Sources */,
				BA3C7D8F0EC76A0B00F24BF4 /* GameCommentsXmlParser.m in Sources */,
				BAEC7B310EC7780600151693 /* CommentsUIViewController.m in Sources */,
				BAEC7C1D0EC798F300151693 /* GamePickerUIViewController.m in Sources */,
				BAEC7D9B0EC7F02200151693 /* CollectionDownloadUIView.m in Sources */,
				BABC9B890F2505D500926B50 /* BGGConnect.m in Sources */,
				BABC9B970F250C8F00926B50 /* PostWorker.m in Sources */,
				BA256A240F60FB5B00C37A64 /* HtmlTemplate.m in Sources */,
				BAA7D01F0FDAF964002D5FCD /* CollectionItemEditViewController.m in Sources */,
				BAA7D0BB0FDB1CAB002D5FCD /* WebViewController.m in Sources */,
				BA3DE4DC0FE0B13C005402D8 /* CollectionItemData.m in Sources */,
				2B559E2C10EFA35700CCF5E4 /* BrowseTop100ViewController.m in Sources */,
				943543F210F1BC9E00E545D3 /* BGGForum.m in Sources */,
				943543F310F1BC9E00E545D3 /* BGGHTMLScraper.m in Sources */,
				943543F410F1BC9E00E545D3 /* BGGMessage.m in Sources */,
				943543F510F1BC9E00E545D3 /* BGGThread.m in Sources */,
				943543F610F1BC9E00E545D3 /* GameComment.m in Sources */,
				943543F710F1BC9E00E545D3 /* GameForumsViewController.m in Sources */,
				943543F810F1BC9E00E545D3 /* GameViewTabController.m in Sources */,
				943543F910F1BC9E00E545D3 /* LoadingViewController.m in Sources */,
				943543FA10F1BC9E00E545D3 /* MessageThreadViewController.m in Sources */,
				9435440810F1BCF600E545D3 /* ForumThreadsViewController.m in Sources */,
				2B22EC1610F4C00300FCE834 /* LoadingTableViewController.m in Sources */,
				94CD5631110259120081FEDF /* Top100ImageDownloadOperation.m in Sources */,
				E5AC4FD016D8910E00CF5ABE /* ForumReplyViewController.m in Sources */,
				E5381E3D16DAA4FC00B7208B /* GMSDetailViewController.m in Sources */,
				E5D700B216E2ADDE0044F649 /* GameInfoItem.m in Sources */,
				E5D700BB16E3CAAA0044F649 /* GameViewUITabBarViewController.m in Sources */,
				E543094816F45D94009BA4D3 /* BGGUISplitViewController.m in Sources */,
			);
			runOnlyForDeploymentPostprocessing = 0;
		};
/* End PBXSourcesBuildPhase section */

/* Begin XCBuildConfiguration section */
		1D6058940D05DD3E006BFB54 /* Debug */ = {
			isa = XCBuildConfiguration;
			buildSettings = {
				ALWAYS_SEARCH_USER_PATHS = NO;
				CLANG_ENABLE_OBJC_ARC = YES;
				COPY_PHASE_STRIP = NO;
				GCC_DYNAMIC_NO_PIC = NO;
				GCC_OPTIMIZATION_LEVEL = 0;
				GCC_PRECOMPILE_PREFIX_HEADER = YES;
				GCC_PREFIX_HEADER = BGG_Prefix.pch;
				INFOPLIST_FILE = Info.plist;
				IPHONEOS_DEPLOYMENT_TARGET = 5.1;
				LIBRARY_SEARCH_PATHS = (
					"$(inherited)",
					"\"$(SRCROOT)\"",
				);
				PRODUCT_NAME = BGG;
				SDKROOT = iphoneos;
				TARGETED_DEVICE_FAMILY = "1,2";
			};
			name = Debug;
		};
		1D6058950D05DD3E006BFB54 /* Release */ = {
			isa = XCBuildConfiguration;
			buildSettings = {
				ALWAYS_SEARCH_USER_PATHS = NO;
				CLANG_ENABLE_OBJC_ARC = YES;
				"CODE_SIGN_IDENTITY[sdk=iphoneos*]" = "iPhone Distribution: Ryan CHRISTIANSON (2VR925JVKE)";
				COPY_PHASE_STRIP = YES;
				GCC_PRECOMPILE_PREFIX_HEADER = YES;
				GCC_PREFIX_HEADER = BGG_Prefix.pch;
				INFOPLIST_FILE = Info.plist;
				IPHONEOS_DEPLOYMENT_TARGET = 5.1;
				LIBRARY_SEARCH_PATHS = (
					"$(inherited)",
					"\"$(SRCROOT)\"",
				);
				PRODUCT_NAME = BGG;
				"PROVISIONING_PROFILE[sdk=iphoneos*]" = "3AAEF378-746D-4098-880D-0F336790B04B";
				SDKROOT = iphoneos;
				TARGETED_DEVICE_FAMILY = "1,2";
			};
			name = Release;
		};
		BA476ED90EB5A03D0035E2E4 /* Adhoc2 */ = {
			isa = XCBuildConfiguration;
			buildSettings = {
				ARCHS = "$(ARCHS_STANDARD_32_BIT)";
				CODE_SIGN_ENTITLEMENTS = Entitlements.plist;
				"CODE_SIGN_IDENTITY[sdk=iphoneos*]" = "iPhone Distribution: Ryan CHRISTIANSON";
				GCC_C_LANGUAGE_STANDARD = c99;
				GCC_WARN_ABOUT_RETURN_TYPE = YES;
				GCC_WARN_UNUSED_VARIABLE = YES;
				HEADER_SEARCH_PATHS = /usr/include/libxml2;
				IPHONEOS_DEPLOYMENT_TARGET = 5.1;
				OTHER_LDFLAGS = "-lxml2";
				"PROVISIONING_PROFILE[sdk=iphoneos*]" = "570F9FA3-F0D1-4B99-9F88-FE0FB1420665";
				SDKROOT = iphoneos;
			};
			name = Adhoc2;
		};
		BA476EDA0EB5A03D0035E2E4 /* Adhoc2 */ = {
			isa = XCBuildConfiguration;
			buildSettings = {
				ALWAYS_SEARCH_USER_PATHS = NO;
				CLANG_ENABLE_OBJC_ARC = YES;
				COPY_PHASE_STRIP = YES;
				GCC_PRECOMPILE_PREFIX_HEADER = YES;
				GCC_PREFIX_HEADER = BGG_Prefix.pch;
				INFOPLIST_FILE = Info.plist;
				IPHONEOS_DEPLOYMENT_TARGET = 5.1;
				LIBRARY_SEARCH_PATHS = (
					"$(inherited)",
					"\"$(SRCROOT)\"",
				);
				PRODUCT_NAME = BGG;
				SDKROOT = iphoneos;
				TARGETED_DEVICE_FAMILY = "1,2";
			};
			name = Adhoc2;
		};
		C01FCF4F08A954540054247B /* Debug */ = {
			isa = XCBuildConfiguration;
			buildSettings = {
				ARCHS = "$(ARCHS_STANDARD_32_BIT)";
				"CODE_SIGN_IDENTITY[sdk=iphoneos*]" = "iPhone Developer";
				GCC_C_LANGUAGE_STANDARD = c99;
				GCC_WARN_ABOUT_RETURN_TYPE = YES;
				GCC_WARN_UNUSED_VARIABLE = YES;
				HEADER_SEARCH_PATHS = /usr/include/libxml2;
				IPHONEOS_DEPLOYMENT_TARGET = 5.1;
				ONLY_ACTIVE_ARCH = YES;
				OTHER_LDFLAGS = "-lxml2";
				"PROVISIONING_PROFILE[sdk=iphoneos*]" = "";
				SDKROOT = iphoneos;
			};
			name = Debug;
		};
		C01FCF5008A954540054247B /* Release */ = {
			isa = XCBuildConfiguration;
			buildSettings = {
				ARCHS = "$(ARCHS_STANDARD_32_BIT)";
				"CODE_SIGN_IDENTITY[sdk=iphoneos*]" = "iPhone Distribution";
				GCC_C_LANGUAGE_STANDARD = c99;
				GCC_WARN_ABOUT_RETURN_TYPE = YES;
				GCC_WARN_UNUSED_VARIABLE = YES;
				HEADER_SEARCH_PATHS = /usr/include/libxml2;
				IPHONEOS_DEPLOYMENT_TARGET = 5.1;
				OTHER_LDFLAGS = "-lxml2";
				"PROVISIONING_PROFILE[sdk=iphoneos*]" = "";
				SDKROOT = iphoneos;
			};
			name = Release;
		};
/* End XCBuildConfiguration section */

/* Begin XCConfigurationList section */
		1D6058960D05DD3E006BFB54 /* Build configuration list for PBXNativeTarget "BGG" */ = {
			isa = XCConfigurationList;
			buildConfigurations = (
				1D6058940D05DD3E006BFB54 /* Debug */,
				1D6058950D05DD3E006BFB54 /* Release */,
				BA476EDA0EB5A03D0035E2E4 /* Adhoc2 */,
			);
			defaultConfigurationIsVisible = 0;
			defaultConfigurationName = Release;
		};
		C01FCF4E08A954540054247B /* Build configuration list for PBXProject "BGG" */ = {
			isa = XCConfigurationList;
			buildConfigurations = (
				C01FCF4F08A954540054247B /* Debug */,
				C01FCF5008A954540054247B /* Release */,
				BA476ED90EB5A03D0035E2E4 /* Adhoc2 */,
			);
			defaultConfigurationIsVisible = 0;
			defaultConfigurationName = Release;
		};
/* End XCConfigurationList section */
	};
	rootObject = 29B97313FDCFA39411CA2CEA /* Project object */;
}
